// !$*UTF8*$!
{
	archiveVersion = 1;
	classes = {
	};
	objectVersion = 55;
	objects = {

/* Begin PBXBuildFile section */
		50AB148FE4D906B1C7F0C069 /* Pods_BGJTCloneApp_BGJTCloneAppUITests.framework in Frameworks */ = {isa = PBXBuildFile; fileRef = 6E236351E5FE29C37373E0C7 /* Pods_BGJTCloneApp_BGJTCloneAppUITests.framework */; };
		C0059C6727983875009C94A4 /* InquiryViewController.swift in Sources */ = {isa = PBXBuildFile; fileRef = C0059C6627983875009C94A4 /* InquiryViewController.swift */; };
		C01DAD802789E4C4008430B8 /* UIApplication.swift in Sources */ = {isa = PBXBuildFile; fileRef = C01DAD7F2789E4C4008430B8 /* UIApplication.swift */; };
		C01DEAAB2797E4A0000798A8 /* FollowModalView.swift in Sources */ = {isa = PBXBuildFile; fileRef = C01DEAAA2797E4A0000798A8 /* FollowModalView.swift */; };
		C02051B32793C47100924DA4 /* MyTableViewCell.swift in Sources */ = {isa = PBXBuildFile; fileRef = C02051B22793C47100924DA4 /* MyTableViewCell.swift */; };
		C02051B52793D48800924DA4 /* SettingViewController.swift in Sources */ = {isa = PBXBuildFile; fileRef = C02051B42793D48800924DA4 /* SettingViewController.swift */; };
		C02051BA2793D55500924DA4 /* SettingTableViewCell.swift in Sources */ = {isa = PBXBuildFile; fileRef = C02051B92793D55500924DA4 /* SettingTableViewCell.swift */; };
		C02051BF2793D66900924DA4 /* CategoryStoryBoard.storyboard in Resources */ = {isa = PBXBuildFile; fileRef = C02051BE2793D66900924DA4 /* CategoryStoryBoard.storyboard */; };
		C02B579A2795711700CD404D /* FollowDataManager.swift in Sources */ = {isa = PBXBuildFile; fileRef = C02B57992795711700CD404D /* FollowDataManager.swift */; };
		C02B579C279575D600CD404D /* FollowingViewController.swift in Sources */ = {isa = PBXBuildFile; fileRef = C02B579B279575D600CD404D /* FollowingViewController.swift */; };
		C02B579E27957BB800CD404D /* FollowerViewController.swift in Sources */ = {isa = PBXBuildFile; fileRef = C02B579D27957BB800CD404D /* FollowerViewController.swift */; };
		C02B57A127957C0A00CD404D /* FollowingListDataManager.swift in Sources */ = {isa = PBXBuildFile; fileRef = C02B57A027957C0A00CD404D /* FollowingListDataManager.swift */; };
		C02B57A427957C3200CD404D /* FollowerListResponse.swift in Sources */ = {isa = PBXBuildFile; fileRef = C02B57A327957C3200CD404D /* FollowerListResponse.swift */; };
		C02B57A627957C4600CD404D /* FollowingListResponse.swift in Sources */ = {isa = PBXBuildFile; fileRef = C02B57A527957C4600CD404D /* FollowingListResponse.swift */; };
		C02B57A82795802000CD404D /* FollowingListTableViewCell.swift in Sources */ = {isa = PBXBuildFile; fileRef = C02B57A72795802000CD404D /* FollowingListTableViewCell.swift */; };
		C02D1EB227951100000D4FE9 /* DealModalViewController.swift in Sources */ = {isa = PBXBuildFile; fileRef = C02D1EB127951100000D4FE9 /* DealModalViewController.swift */; };
		C02D1EB427951126000D4FE9 /* DealModalStoryBoard.storyboard in Resources */ = {isa = PBXBuildFile; fileRef = C02D1EB327951126000D4FE9 /* DealModalStoryBoard.storyboard */; };
		C030E9E42793E87100742574 /* MoreModalViewController.swift in Sources */ = {isa = PBXBuildFile; fileRef = C030E9E32793E87100742574 /* MoreModalViewController.swift */; };
		C030E9E62793E90000742574 /* AccountDataManager.swift in Sources */ = {isa = PBXBuildFile; fileRef = C030E9E52793E90000742574 /* AccountDataManager.swift */; };
		C030E9E92793F4A800742574 /* AccountEditViewController.swift in Sources */ = {isa = PBXBuildFile; fileRef = C030E9E82793F4A800742574 /* AccountEditViewController.swift */; };
		C030E9EB2793F4D500742574 /* AccountEditStoryBoard.storyboard in Resources */ = {isa = PBXBuildFile; fileRef = C030E9EA2793F4D500742574 /* AccountEditStoryBoard.storyboard */; };
		C030E9EE2794348500742574 /* AccountResponse.swift in Sources */ = {isa = PBXBuildFile; fileRef = C030E9ED2794348500742574 /* AccountResponse.swift */; };
		C03B25432793A175007A360F /* MyViewController.swift in Sources */ = {isa = PBXBuildFile; fileRef = C03B25422793A175007A360F /* MyViewController.swift */; };
		C03B25452793A2A6007A360F /* MyStoryBoard.storyboard in Resources */ = {isa = PBXBuildFile; fileRef = C03B25442793A2A6007A360F /* MyStoryBoard.storyboard */; };
		C0526AA6278E77F90014C824 /* RecentTableViewCell.swift in Sources */ = {isa = PBXBuildFile; fileRef = C0526AA5278E77F90014C824 /* RecentTableViewCell.swift */; };
		C0526AA8278E78090014C824 /* AllTableViewCell.swift in Sources */ = {isa = PBXBuildFile; fileRef = C0526AA7278E78090014C824 /* AllTableViewCell.swift */; };
		C0526AAC278EB2A70014C824 /* TagViewController.swift in Sources */ = {isa = PBXBuildFile; fileRef = C0526AAB278EB2A70014C824 /* TagViewController.swift */; };
		C0526AAF278EB7E50014C824 /* TagCollectionViewCell.swift in Sources */ = {isa = PBXBuildFile; fileRef = C0526AAE278EB7E50014C824 /* TagCollectionViewCell.swift */; };
		C0526AB2278F0B860014C824 /* TagMainCollectionViewCell.swift in Sources */ = {isa = PBXBuildFile; fileRef = C0526AB1278F0B860014C824 /* TagMainCollectionViewCell.swift */; };
		C057F500278BB1F900405ACD /* LoginStoryBoard.storyboard in Resources */ = {isa = PBXBuildFile; fileRef = C057F4FE278BB1F900405ACD /* LoginStoryBoard.storyboard */; };
		C057F502278BB23400405ACD /* HomeStoryBoard.storyboard in Resources */ = {isa = PBXBuildFile; fileRef = C057F501278BB23400405ACD /* HomeStoryBoard.storyboard */; };
		C057F504278BB43200405ACD /* HalfModalPresentationController.swift in Sources */ = {isa = PBXBuildFile; fileRef = C057F503278BB43200405ACD /* HalfModalPresentationController.swift */; };
		C057F506278BB60800405ACD /* OtherLoginViewController.swift in Sources */ = {isa = PBXBuildFile; fileRef = C057F505278BB60800405ACD /* OtherLoginViewController.swift */; };
		C057F508278BF8D900405ACD /* NaverLoginResponse.swift in Sources */ = {isa = PBXBuildFile; fileRef = C057F507278BF8D900405ACD /* NaverLoginResponse.swift */; };
		C057F50D278C04A400405ACD /* ItemStoryBoard.storyboard in Resources */ = {isa = PBXBuildFile; fileRef = C057F50C278C04A400405ACD /* ItemStoryBoard.storyboard */; };
		C057F50F278C04CB00405ACD /* RecommendStoryBoard.storyboard in Resources */ = {isa = PBXBuildFile; fileRef = C057F50E278C04CB00405ACD /* RecommendStoryBoard.storyboard */; };
		C057F511278C052100405ACD /* BrandStoryBoard.storyboard in Resources */ = {isa = PBXBuildFile; fileRef = C057F510278C052100405ACD /* BrandStoryBoard.storyboard */; };
		C057F514278C27F700405ACD /* AddStoryBoard.storyboard in Resources */ = {isa = PBXBuildFile; fileRef = C057F512278C27F700405ACD /* AddStoryBoard.storyboard */; };
		C057F518278C862600405ACD /* RecommendViewController+DataSource.swift in Sources */ = {isa = PBXBuildFile; fileRef = C057F517278C862600405ACD /* RecommendViewController+DataSource.swift */; };
		C05CED1E27918EAB005A2646 /* DealStoryBoard.storyboard in Resources */ = {isa = PBXBuildFile; fileRef = C05CED1D27918EAB005A2646 /* DealStoryBoard.storyboard */; };
		C05CED2027918EB6005A2646 /* DealViewController.swift in Sources */ = {isa = PBXBuildFile; fileRef = C05CED1F27918EB6005A2646 /* DealViewController.swift */; };
		C05F4CF92795852300206BA8 /* FollowerTableViewCell.swift in Sources */ = {isa = PBXBuildFile; fileRef = C05F4CF82795852300206BA8 /* FollowerTableViewCell.swift */; };
		C063F723278D1AEB00636680 /* AutoLoginResponse.swift in Sources */ = {isa = PBXBuildFile; fileRef = C063F722278D1AEB00636680 /* AutoLoginResponse.swift */; };
		C063F725278D50A800636680 /* TabBarController.swift in Sources */ = {isa = PBXBuildFile; fileRef = C063F724278D50A800636680 /* TabBarController.swift */; };
		C063F727278DD7BA00636680 /* AddViewController+DataSource.swift in Sources */ = {isa = PBXBuildFile; fileRef = C063F726278DD7BA00636680 /* AddViewController+DataSource.swift */; };
		C063F729278DD7F900636680 /* AddViewController+FlowLayout.swift in Sources */ = {isa = PBXBuildFile; fileRef = C063F728278DD7F900636680 /* AddViewController+FlowLayout.swift */; };
		C063F72B278DD83F00636680 /* AddViewController+TextView.swift in Sources */ = {isa = PBXBuildFile; fileRef = C063F72A278DD83F00636680 /* AddViewController+TextView.swift */; };
		C069EB2D278B1B5D004C2900 /* ImageCollectionViewCell.swift in Sources */ = {isa = PBXBuildFile; fileRef = C069EB2C278B1B5D004C2900 /* ImageCollectionViewCell.swift */; };
		C069EB2F278B1C1A004C2900 /* UITextField.swift in Sources */ = {isa = PBXBuildFile; fileRef = C069EB2E278B1C1A004C2900 /* UITextField.swift */; };
		C069EB31278B3390004C2900 /* ImageCollectionReusableView.swift in Sources */ = {isa = PBXBuildFile; fileRef = C069EB30278B3390004C2900 /* ImageCollectionReusableView.swift */; };
		C06E9006278ADBA5005AE69F /* RecommendCollectionViewCell.swift in Sources */ = {isa = PBXBuildFile; fileRef = C06E9005278ADBA5005AE69F /* RecommendCollectionViewCell.swift */; };
		C06E9009278B1A37005AE69F /* AddViewController.swift in Sources */ = {isa = PBXBuildFile; fileRef = C06E9008278B1A37005AE69F /* AddViewController.swift */; };
		C07ED3AE27996E6000108450 /* DealTabViewController.swift in Sources */ = {isa = PBXBuildFile; fileRef = C07ED3AD27996E6000108450 /* DealTabViewController.swift */; };
		C08B463327943F7300DCAB7B /* DealDataManager.swift in Sources */ = {isa = PBXBuildFile; fileRef = C08B463227943F7300DCAB7B /* DealDataManager.swift */; };
		C08B46352794638F00DCAB7B /* DetailDataManager.swift in Sources */ = {isa = PBXBuildFile; fileRef = C08B46342794638F00DCAB7B /* DetailDataManager.swift */; };
		C08B4638279476F300DCAB7B /* DetailResponse.swift in Sources */ = {isa = PBXBuildFile; fileRef = C08B4637279476F300DCAB7B /* DetailResponse.swift */; };
		C08EFFE1278E75F000177177 /* CategoryViewController.swift in Sources */ = {isa = PBXBuildFile; fileRef = C08EFFE0278E75F000177177 /* CategoryViewController.swift */; };
		C09456DB2793E1DA00564381 /* AccountStoryBoard.storyboard in Resources */ = {isa = PBXBuildFile; fileRef = C09456DA2793E1DA00564381 /* AccountStoryBoard.storyboard */; };
		C0A22156279105D40043B27F /* MainNavigationController.swift in Sources */ = {isa = PBXBuildFile; fileRef = C0A22155279105D40043B27F /* MainNavigationController.swift */; };
		C0A2215827910C1F0043B27F /* UIImage.swift in Sources */ = {isa = PBXBuildFile; fileRef = C0A2215727910C1F0043B27F /* UIImage.swift */; };
		C0A2215B279116D40043B27F /* DetailViewController.swift in Sources */ = {isa = PBXBuildFile; fileRef = C0A2215A279116D40043B27F /* DetailViewController.swift */; };
		C0A2215D279117640043B27F /* DetailStoryBoard.storyboard in Resources */ = {isa = PBXBuildFile; fileRef = C0A2215C279117640043B27F /* DetailStoryBoard.storyboard */; };
		C0A3CAFF2797F03F0000F6EF /* ChangeConditionViewController.swift in Sources */ = {isa = PBXBuildFile; fileRef = C0A3CAFE2797F03F0000F6EF /* ChangeConditionViewController.swift */; };
		C0A5EE06278A66640070E617 /* UIView.swift in Sources */ = {isa = PBXBuildFile; fileRef = C0A5EE05278A66640070E617 /* UIView.swift */; };
		C0A5EE08278A762A0070E617 /* ButtonCollectionViewCell.swift in Sources */ = {isa = PBXBuildFile; fileRef = C0A5EE07278A762A0070E617 /* ButtonCollectionViewCell.swift */; };
		C0A986802793D84C003A0298 /* SettingStoryBoard.storyboard in Resources */ = {isa = PBXBuildFile; fileRef = C0A9867F2793D84C003A0298 /* SettingStoryBoard.storyboard */; };
		C0A986832793DC0D003A0298 /* AccountViewController.swift in Sources */ = {isa = PBXBuildFile; fileRef = C0A986822793DC0D003A0298 /* AccountViewController.swift */; };
		C0A986872793DED9003A0298 /* AccountTableViewCell.swift in Sources */ = {isa = PBXBuildFile; fileRef = C0A986862793DED9003A0298 /* AccountTableViewCell.swift */; };
		C0B2759727899F1200C10AE4 /* AppDelegate.swift in Sources */ = {isa = PBXBuildFile; fileRef = C0B2759627899F1200C10AE4 /* AppDelegate.swift */; };
		C0B2759927899F1200C10AE4 /* SceneDelegate.swift in Sources */ = {isa = PBXBuildFile; fileRef = C0B2759827899F1200C10AE4 /* SceneDelegate.swift */; };
		C0B2759B27899F1200C10AE4 /* ViewController.swift in Sources */ = {isa = PBXBuildFile; fileRef = C0B2759A27899F1200C10AE4 /* ViewController.swift */; };
		C0B2759E27899F1200C10AE4 /* Main.storyboard in Resources */ = {isa = PBXBuildFile; fileRef = C0B2759C27899F1200C10AE4 /* Main.storyboard */; };
		C0B275A027899F1400C10AE4 /* Assets.xcassets in Resources */ = {isa = PBXBuildFile; fileRef = C0B2759F27899F1400C10AE4 /* Assets.xcassets */; };
		C0B275A327899F1400C10AE4 /* LaunchScreen.storyboard in Resources */ = {isa = PBXBuildFile; fileRef = C0B275A127899F1400C10AE4 /* LaunchScreen.storyboard */; };
		C0B275AE27899F1400C10AE4 /* BGJTCloneAppTests.swift in Sources */ = {isa = PBXBuildFile; fileRef = C0B275AD27899F1400C10AE4 /* BGJTCloneAppTests.swift */; };
		C0B275B827899F1400C10AE4 /* BGJTCloneAppUITests.swift in Sources */ = {isa = PBXBuildFile; fileRef = C0B275B727899F1400C10AE4 /* BGJTCloneAppUITests.swift */; };
		C0B275BA27899F1400C10AE4 /* BGJTCloneAppUITestsLaunchTests.swift in Sources */ = {isa = PBXBuildFile; fileRef = C0B275B927899F1400C10AE4 /* BGJTCloneAppUITestsLaunchTests.swift */; };
		C0B275D027899F3C00C10AE4 /* Constant.swift in Sources */ = {isa = PBXBuildFile; fileRef = C0B275C727899F3C00C10AE4 /* Constant.swift */; };
		C0B275D127899F3C00C10AE4 /* Secret.swift in Sources */ = {isa = PBXBuildFile; fileRef = C0B275C927899F3C00C10AE4 /* Secret.swift */; };
		C0B275D227899F3C00C10AE4 /* NotoSansCJKkr-Medium.otf in Resources */ = {isa = PBXBuildFile; fileRef = C0B275CB27899F3C00C10AE4 /* NotoSansCJKkr-Medium.otf */; };
		C0B275D327899F3C00C10AE4 /* NotoSansCJKkr-Regular.otf in Resources */ = {isa = PBXBuildFile; fileRef = C0B275CC27899F3C00C10AE4 /* NotoSansCJKkr-Regular.otf */; };
		C0B275D427899F3C00C10AE4 /* NotoSansCJKkr-Bold.otf in Resources */ = {isa = PBXBuildFile; fileRef = C0B275CD27899F3C00C10AE4 /* NotoSansCJKkr-Bold.otf */; };
		C0B275D527899F3C00C10AE4 /* BaseViewController.swift in Sources */ = {isa = PBXBuildFile; fileRef = C0B275CF27899F3C00C10AE4 /* BaseViewController.swift */; };
		C0B275E127899F4F00C10AE4 /* IndicatorView.swift in Sources */ = {isa = PBXBuildFile; fileRef = C0B275D727899F4F00C10AE4 /* IndicatorView.swift */; };
		C0B275E227899F4F00C10AE4 /* Date.swift in Sources */ = {isa = PBXBuildFile; fileRef = C0B275D927899F4F00C10AE4 /* Date.swift */; };
		C0B275E427899F4F00C10AE4 /* String.swift in Sources */ = {isa = PBXBuildFile; fileRef = C0B275DB27899F4F00C10AE4 /* String.swift */; };
		C0B275E527899F4F00C10AE4 /* UIButton.swift in Sources */ = {isa = PBXBuildFile; fileRef = C0B275DC27899F4F00C10AE4 /* UIButton.swift */; };
		C0B275E627899F4F00C10AE4 /* UIViewController.swift in Sources */ = {isa = PBXBuildFile; fileRef = C0B275DD27899F4F00C10AE4 /* UIViewController.swift */; };
		C0B275E727899F4F00C10AE4 /* UINavigationBar.swift in Sources */ = {isa = PBXBuildFile; fileRef = C0B275DE27899F4F00C10AE4 /* UINavigationBar.swift */; };
		C0B275E827899F4F00C10AE4 /* UIFont.swift in Sources */ = {isa = PBXBuildFile; fileRef = C0B275DF27899F4F00C10AE4 /* UIFont.swift */; };
		C0B275E927899F4F00C10AE4 /* Device.swift in Sources */ = {isa = PBXBuildFile; fileRef = C0B275E027899F4F00C10AE4 /* Device.swift */; };
		C0B275EC2789BDF200C10AE4 /* LoginViewController.swift in Sources */ = {isa = PBXBuildFile; fileRef = C0B275EB2789BDF200C10AE4 /* LoginViewController.swift */; };
		C0B544C527D2633000F20D5E /* UIColor.swift in Sources */ = {isa = PBXBuildFile; fileRef = C0B544C427D2633000F20D5E /* UIColor.swift */; };
		C0BBCE59278A80C300C12161 /* HomeViewController+DataSource.swift in Sources */ = {isa = PBXBuildFile; fileRef = C0BBCE58278A80C300C12161 /* HomeViewController+DataSource.swift */; };
		C0BBCE5B278A9AE200C12161 /* HomeItemViewController.swift in Sources */ = {isa = PBXBuildFile; fileRef = C0BBCE5A278A9AE200C12161 /* HomeItemViewController.swift */; };
		C0BBCE5E278A9CB400C12161 /* RecommendViewController.swift in Sources */ = {isa = PBXBuildFile; fileRef = C0BBCE5D278A9CB400C12161 /* RecommendViewController.swift */; };
		C0BBCE60278A9CEF00C12161 /* BrandViewController.swift in Sources */ = {isa = PBXBuildFile; fileRef = C0BBCE5F278A9CEF00C12161 /* BrandViewController.swift */; };
		C0C37B1A278FACA500AA9AC0 /* OptionChoiceViewController.swift in Sources */ = {isa = PBXBuildFile; fileRef = C0C37B19278FACA500AA9AC0 /* OptionChoiceViewController.swift */; };
		C0C37B1D278FADAE00AA9AC0 /* TagStoryBoard.storyboard in Resources */ = {isa = PBXBuildFile; fileRef = C0C37B1B278FADAE00AA9AC0 /* TagStoryBoard.storyboard */; };
		C0C37B1F278FCC4300AA9AC0 /* ItemPost.swift in Sources */ = {isa = PBXBuildFile; fileRef = C0C37B1E278FCC4300AA9AC0 /* ItemPost.swift */; };
		C0C37B22278FCD9800AA9AC0 /* AddManager.swift in Sources */ = {isa = PBXBuildFile; fileRef = C0C37B21278FCD9800AA9AC0 /* AddManager.swift */; };
		C0C37B26279012C800AA9AC0 /* WishDataManager.swift in Sources */ = {isa = PBXBuildFile; fileRef = C0C37B25279012C800AA9AC0 /* WishDataManager.swift */; };
		C0C37B28279019B700AA9AC0 /* RecommendDataManager.swift in Sources */ = {isa = PBXBuildFile; fileRef = C0C37B27279019B700AA9AC0 /* RecommendDataManager.swift */; };
		C0C37B2B27901A0500AA9AC0 /* WishResponse.swift in Sources */ = {isa = PBXBuildFile; fileRef = C0C37B2A27901A0500AA9AC0 /* WishResponse.swift */; };
		C0C37B2D27901F2900AA9AC0 /* RecommendResponse.swift in Sources */ = {isa = PBXBuildFile; fileRef = C0C37B2C27901F2900AA9AC0 /* RecommendResponse.swift */; };
		C0C37B32279054E700AA9AC0 /* InterestViewController.swift in Sources */ = {isa = PBXBuildFile; fileRef = C0C37B31279054E700AA9AC0 /* InterestViewController.swift */; };
		C0C37B36279061DA00AA9AC0 /* WishCollectionViewCell.swift in Sources */ = {isa = PBXBuildFile; fileRef = C0C37B35279061D900AA9AC0 /* WishCollectionViewCell.swift */; };
		C0C37B3A2790649700AA9AC0 /* WishListResponse.swift in Sources */ = {isa = PBXBuildFile; fileRef = C0C37B392790649700AA9AC0 /* WishListResponse.swift */; };
		C0C37B3C279064B900AA9AC0 /* WishListDataManager.swift in Sources */ = {isa = PBXBuildFile; fileRef = C0C37B3B279064B900AA9AC0 /* WishListDataManager.swift */; };
		C0D46F342789C61D0075048D /* LoginManager.swift in Sources */ = {isa = PBXBuildFile; fileRef = C0D46F332789C61D0075048D /* LoginManager.swift */; };
		C0DE257527983B2D001F25BF /* InquiryTableViewCell.swift in Sources */ = {isa = PBXBuildFile; fileRef = C0DE257427983B2D001F25BF /* InquiryTableViewCell.swift */; };
		C0DE257727983E20001F25BF /* InquiryDataManager.swift in Sources */ = {isa = PBXBuildFile; fileRef = C0DE257627983E20001F25BF /* InquiryDataManager.swift */; };
		C0F043CA279697F900DE0B45 /* ItemEditManager.swift in Sources */ = {isa = PBXBuildFile; fileRef = C0F043C9279697F900DE0B45 /* ItemEditManager.swift */; };
		C0F043CD27970D4F00DE0B45 /* CustomAlertView.swift in Sources */ = {isa = PBXBuildFile; fileRef = C0F043CC27970D4F00DE0B45 /* CustomAlertView.swift */; };
		C0F7514027932AF7000D7661 /* Protocol.swift in Sources */ = {isa = PBXBuildFile; fileRef = C0F7513F27932AF7000D7661 /* Protocol.swift */; };
		C0F7514327932BCA000D7661 /* InterestStoryBoard.storyboard in Resources */ = {isa = PBXBuildFile; fileRef = C0F7514227932BCA000D7661 /* InterestStoryBoard.storyboard */; };
		C0F90D832789D5A5001EF74D /* HomeViewController.swift in Sources */ = {isa = PBXBuildFile; fileRef = C0F90D822789D5A5001EF74D /* HomeViewController.swift */; };
		C0FDCD922790774000859989 /* WishCollctionViewController.swift in Sources */ = {isa = PBXBuildFile; fileRef = C0FDCD912790774000859989 /* WishCollctionViewController.swift */; };
		C0FF3FAA27964B610008D1DC /* MyDataManager.swift in Sources */ = {isa = PBXBuildFile; fileRef = C0FF3FA927964B610008D1DC /* MyDataManager.swift */; };
		C0FF3FAD279652AD0008D1DC /* MyResponse.swift in Sources */ = {isa = PBXBuildFile; fileRef = C0FF3FAC279652AD0008D1DC /* MyResponse.swift */; };
		C0FF3FAF279652C90008D1DC /* DealListDataManager.swift in Sources */ = {isa = PBXBuildFile; fileRef = C0FF3FAE279652C90008D1DC /* DealListDataManager.swift */; };
		C0FF3FB127965FBC0008D1DC /* DetailTableViewCell.swift in Sources */ = {isa = PBXBuildFile; fileRef = C0FF3FB027965FBC0008D1DC /* DetailTableViewCell.swift */; };
		C0FF3FB32796946D0008D1DC /* ItemEditViewController.swift in Sources */ = {isa = PBXBuildFile; fileRef = C0FF3FB22796946D0008D1DC /* ItemEditViewController.swift */; };
		DD357B9DE38F78400D34EFEB /* Pods_BGJTCloneAppTests.framework in Frameworks */ = {isa = PBXBuildFile; fileRef = A04F2D31B4B0809F2C8898EF /* Pods_BGJTCloneAppTests.framework */; };
		E1B729B57D334CB84CB2C6AB /* Pods_BGJTCloneApp.framework in Frameworks */ = {isa = PBXBuildFile; fileRef = 80A53D6EC511E05BD545CFC1 /* Pods_BGJTCloneApp.framework */; };
/* End PBXBuildFile section */

/* Begin PBXContainerItemProxy section */
		C0B275AA27899F1400C10AE4 /* PBXContainerItemProxy */ = {
			isa = PBXContainerItemProxy;
			containerPortal = C0B2758B27899F1200C10AE4 /* Project object */;
			proxyType = 1;
			remoteGlobalIDString = C0B2759227899F1200C10AE4;
			remoteInfo = BGJTCloneApp;
		};
		C0B275B427899F1400C10AE4 /* PBXContainerItemProxy */ = {
			isa = PBXContainerItemProxy;
			containerPortal = C0B2758B27899F1200C10AE4 /* Project object */;
			proxyType = 1;
			remoteGlobalIDString = C0B2759227899F1200C10AE4;
			remoteInfo = BGJTCloneApp;
		};
/* End PBXContainerItemProxy section */

/* Begin PBXFileReference section */
		1698AD511259F1CD93309286 /* Pods-BGJTCloneApp-BGJTCloneAppUITests.debug.xcconfig */ = {isa = PBXFileReference; includeInIndex = 1; lastKnownFileType = text.xcconfig; name = "Pods-BGJTCloneApp-BGJTCloneAppUITests.debug.xcconfig"; path = "Target Support Files/Pods-BGJTCloneApp-BGJTCloneAppUITests/Pods-BGJTCloneApp-BGJTCloneAppUITests.debug.xcconfig"; sourceTree = "<group>"; };
		342F0CE37B84EA365EBB0028 /* Pods-BGJTCloneApp-BGJTCloneAppUITests.release.xcconfig */ = {isa = PBXFileReference; includeInIndex = 1; lastKnownFileType = text.xcconfig; name = "Pods-BGJTCloneApp-BGJTCloneAppUITests.release.xcconfig"; path = "Target Support Files/Pods-BGJTCloneApp-BGJTCloneAppUITests/Pods-BGJTCloneApp-BGJTCloneAppUITests.release.xcconfig"; sourceTree = "<group>"; };
		4F4FF5121B5F9247D0F976FC /* Pods-BGJTCloneApp.debug.xcconfig */ = {isa = PBXFileReference; includeInIndex = 1; lastKnownFileType = text.xcconfig; name = "Pods-BGJTCloneApp.debug.xcconfig"; path = "Target Support Files/Pods-BGJTCloneApp/Pods-BGJTCloneApp.debug.xcconfig"; sourceTree = "<group>"; };
		620E37B45146F23BD48C14D5 /* Pods-BGJTCloneApp.release.xcconfig */ = {isa = PBXFileReference; includeInIndex = 1; lastKnownFileType = text.xcconfig; name = "Pods-BGJTCloneApp.release.xcconfig"; path = "Target Support Files/Pods-BGJTCloneApp/Pods-BGJTCloneApp.release.xcconfig"; sourceTree = "<group>"; };
		6E236351E5FE29C37373E0C7 /* Pods_BGJTCloneApp_BGJTCloneAppUITests.framework */ = {isa = PBXFileReference; explicitFileType = wrapper.framework; includeInIndex = 0; path = Pods_BGJTCloneApp_BGJTCloneAppUITests.framework; sourceTree = BUILT_PRODUCTS_DIR; };
		7E31636B8F10DA2377954033 /* Pods-BGJTCloneAppTests.release.xcconfig */ = {isa = PBXFileReference; includeInIndex = 1; lastKnownFileType = text.xcconfig; name = "Pods-BGJTCloneAppTests.release.xcconfig"; path = "Target Support Files/Pods-BGJTCloneAppTests/Pods-BGJTCloneAppTests.release.xcconfig"; sourceTree = "<group>"; };
		80A53D6EC511E05BD545CFC1 /* Pods_BGJTCloneApp.framework */ = {isa = PBXFileReference; explicitFileType = wrapper.framework; includeInIndex = 0; path = Pods_BGJTCloneApp.framework; sourceTree = BUILT_PRODUCTS_DIR; };
		89899506D4DD36F64B8FB1D0 /* Pods-BGJTCloneAppTests.debug.xcconfig */ = {isa = PBXFileReference; includeInIndex = 1; lastKnownFileType = text.xcconfig; name = "Pods-BGJTCloneAppTests.debug.xcconfig"; path = "Target Support Files/Pods-BGJTCloneAppTests/Pods-BGJTCloneAppTests.debug.xcconfig"; sourceTree = "<group>"; };
		A04F2D31B4B0809F2C8898EF /* Pods_BGJTCloneAppTests.framework */ = {isa = PBXFileReference; explicitFileType = wrapper.framework; includeInIndex = 0; path = Pods_BGJTCloneAppTests.framework; sourceTree = BUILT_PRODUCTS_DIR; };
		C0059C6627983875009C94A4 /* InquiryViewController.swift */ = {isa = PBXFileReference; lastKnownFileType = sourcecode.swift; path = InquiryViewController.swift; sourceTree = "<group>"; };
		C01DAD7F2789E4C4008430B8 /* UIApplication.swift */ = {isa = PBXFileReference; lastKnownFileType = sourcecode.swift; path = UIApplication.swift; sourceTree = "<group>"; };
		C01DEAAA2797E4A0000798A8 /* FollowModalView.swift */ = {isa = PBXFileReference; lastKnownFileType = sourcecode.swift; path = FollowModalView.swift; sourceTree = "<group>"; };
		C02051B22793C47100924DA4 /* MyTableViewCell.swift */ = {isa = PBXFileReference; lastKnownFileType = sourcecode.swift; path = MyTableViewCell.swift; sourceTree = "<group>"; };
		C02051B42793D48800924DA4 /* SettingViewController.swift */ = {isa = PBXFileReference; lastKnownFileType = sourcecode.swift; path = SettingViewController.swift; sourceTree = "<group>"; };
		C02051B92793D55500924DA4 /* SettingTableViewCell.swift */ = {isa = PBXFileReference; lastKnownFileType = sourcecode.swift; path = SettingTableViewCell.swift; sourceTree = "<group>"; };
		C02051BE2793D66900924DA4 /* CategoryStoryBoard.storyboard */ = {isa = PBXFileReference; fileEncoding = 4; lastKnownFileType = file.storyboard; path = CategoryStoryBoard.storyboard; sourceTree = "<group>"; };
		C02B57992795711700CD404D /* FollowDataManager.swift */ = {isa = PBXFileReference; lastKnownFileType = sourcecode.swift; path = FollowDataManager.swift; sourceTree = "<group>"; };
		C02B579B279575D600CD404D /* FollowingViewController.swift */ = {isa = PBXFileReference; lastKnownFileType = sourcecode.swift; path = FollowingViewController.swift; sourceTree = "<group>"; };
		C02B579D27957BB800CD404D /* FollowerViewController.swift */ = {isa = PBXFileReference; lastKnownFileType = sourcecode.swift; path = FollowerViewController.swift; sourceTree = "<group>"; };
		C02B57A027957C0A00CD404D /* FollowingListDataManager.swift */ = {isa = PBXFileReference; lastKnownFileType = sourcecode.swift; path = FollowingListDataManager.swift; sourceTree = "<group>"; };
		C02B57A327957C3200CD404D /* FollowerListResponse.swift */ = {isa = PBXFileReference; lastKnownFileType = sourcecode.swift; path = FollowerListResponse.swift; sourceTree = "<group>"; };
		C02B57A527957C4600CD404D /* FollowingListResponse.swift */ = {isa = PBXFileReference; lastKnownFileType = sourcecode.swift; path = FollowingListResponse.swift; sourceTree = "<group>"; };
		C02B57A72795802000CD404D /* FollowingListTableViewCell.swift */ = {isa = PBXFileReference; lastKnownFileType = sourcecode.swift; path = FollowingListTableViewCell.swift; sourceTree = "<group>"; };
		C02D1EB127951100000D4FE9 /* DealModalViewController.swift */ = {isa = PBXFileReference; lastKnownFileType = sourcecode.swift; path = DealModalViewController.swift; sourceTree = "<group>"; };
		C02D1EB327951126000D4FE9 /* DealModalStoryBoard.storyboard */ = {isa = PBXFileReference; lastKnownFileType = file.storyboard; path = DealModalStoryBoard.storyboard; sourceTree = "<group>"; };
		C030E9E32793E87100742574 /* MoreModalViewController.swift */ = {isa = PBXFileReference; lastKnownFileType = sourcecode.swift; path = MoreModalViewController.swift; sourceTree = "<group>"; };
		C030E9E52793E90000742574 /* AccountDataManager.swift */ = {isa = PBXFileReference; lastKnownFileType = sourcecode.swift; path = AccountDataManager.swift; sourceTree = "<group>"; };
		C030E9E82793F4A800742574 /* AccountEditViewController.swift */ = {isa = PBXFileReference; lastKnownFileType = sourcecode.swift; path = AccountEditViewController.swift; sourceTree = "<group>"; };
		C030E9EA2793F4D500742574 /* AccountEditStoryBoard.storyboard */ = {isa = PBXFileReference; lastKnownFileType = file.storyboard; path = AccountEditStoryBoard.storyboard; sourceTree = "<group>"; };
		C030E9ED2794348500742574 /* AccountResponse.swift */ = {isa = PBXFileReference; lastKnownFileType = sourcecode.swift; path = AccountResponse.swift; sourceTree = "<group>"; };
		C03B25422793A175007A360F /* MyViewController.swift */ = {isa = PBXFileReference; lastKnownFileType = sourcecode.swift; path = MyViewController.swift; sourceTree = "<group>"; };
		C03B25442793A2A6007A360F /* MyStoryBoard.storyboard */ = {isa = PBXFileReference; lastKnownFileType = file.storyboard; path = MyStoryBoard.storyboard; sourceTree = "<group>"; };
		C0526AA5278E77F90014C824 /* RecentTableViewCell.swift */ = {isa = PBXFileReference; lastKnownFileType = sourcecode.swift; path = RecentTableViewCell.swift; sourceTree = "<group>"; };
		C0526AA7278E78090014C824 /* AllTableViewCell.swift */ = {isa = PBXFileReference; lastKnownFileType = sourcecode.swift; path = AllTableViewCell.swift; sourceTree = "<group>"; };
		C0526AAB278EB2A70014C824 /* TagViewController.swift */ = {isa = PBXFileReference; lastKnownFileType = sourcecode.swift; path = TagViewController.swift; sourceTree = "<group>"; };
		C0526AAE278EB7E50014C824 /* TagCollectionViewCell.swift */ = {isa = PBXFileReference; lastKnownFileType = sourcecode.swift; path = TagCollectionViewCell.swift; sourceTree = "<group>"; };
		C0526AB1278F0B860014C824 /* TagMainCollectionViewCell.swift */ = {isa = PBXFileReference; lastKnownFileType = sourcecode.swift; path = TagMainCollectionViewCell.swift; sourceTree = "<group>"; };
		C057F4FF278BB1F900405ACD /* Base */ = {isa = PBXFileReference; lastKnownFileType = file.storyboard; name = Base; path = BGJTCloneApp/Source/Base.lproj/LoginStoryBoard.storyboard; sourceTree = SOURCE_ROOT; };
		C057F501278BB23400405ACD /* HomeStoryBoard.storyboard */ = {isa = PBXFileReference; fileEncoding = 4; lastKnownFileType = file.storyboard; path = HomeStoryBoard.storyboard; sourceTree = SOURCE_ROOT; };
		C057F503278BB43200405ACD /* HalfModalPresentationController.swift */ = {isa = PBXFileReference; lastKnownFileType = sourcecode.swift; path = HalfModalPresentationController.swift; sourceTree = "<group>"; };
		C057F505278BB60800405ACD /* OtherLoginViewController.swift */ = {isa = PBXFileReference; lastKnownFileType = sourcecode.swift; path = OtherLoginViewController.swift; sourceTree = "<group>"; };
		C057F507278BF8D900405ACD /* NaverLoginResponse.swift */ = {isa = PBXFileReference; lastKnownFileType = sourcecode.swift; path = NaverLoginResponse.swift; sourceTree = "<group>"; };
		C057F50C278C04A400405ACD /* ItemStoryBoard.storyboard */ = {isa = PBXFileReference; fileEncoding = 4; lastKnownFileType = file.storyboard; path = ItemStoryBoard.storyboard; sourceTree = SOURCE_ROOT; };
		C057F50E278C04CB00405ACD /* RecommendStoryBoard.storyboard */ = {isa = PBXFileReference; fileEncoding = 4; lastKnownFileType = file.storyboard; name = RecommendStoryBoard.storyboard; path = BGJTCloneApp/Source/Home/Item/RecommendStoryBoard.storyboard; sourceTree = SOURCE_ROOT; };
		C057F510278C052100405ACD /* BrandStoryBoard.storyboard */ = {isa = PBXFileReference; fileEncoding = 4; lastKnownFileType = file.storyboard; path = BrandStoryBoard.storyboard; sourceTree = SOURCE_ROOT; };
		C057F513278C27F700405ACD /* Base */ = {isa = PBXFileReference; lastKnownFileType = file.storyboard; name = Base; path = BGJTCloneApp/Source/Base.lproj/AddStoryBoard.storyboard; sourceTree = SOURCE_ROOT; };
		C057F517278C862600405ACD /* RecommendViewController+DataSource.swift */ = {isa = PBXFileReference; lastKnownFileType = sourcecode.swift; path = "RecommendViewController+DataSource.swift"; sourceTree = "<group>"; };
		C05CED1D27918EAB005A2646 /* DealStoryBoard.storyboard */ = {isa = PBXFileReference; lastKnownFileType = file.storyboard; path = DealStoryBoard.storyboard; sourceTree = "<group>"; };
		C05CED1F27918EB6005A2646 /* DealViewController.swift */ = {isa = PBXFileReference; lastKnownFileType = sourcecode.swift; path = DealViewController.swift; sourceTree = "<group>"; };
		C05F4CF82795852300206BA8 /* FollowerTableViewCell.swift */ = {isa = PBXFileReference; lastKnownFileType = sourcecode.swift; path = FollowerTableViewCell.swift; sourceTree = "<group>"; };
		C063F722278D1AEB00636680 /* AutoLoginResponse.swift */ = {isa = PBXFileReference; lastKnownFileType = sourcecode.swift; path = AutoLoginResponse.swift; sourceTree = "<group>"; };
		C063F724278D50A800636680 /* TabBarController.swift */ = {isa = PBXFileReference; lastKnownFileType = sourcecode.swift; path = TabBarController.swift; sourceTree = "<group>"; };
		C063F726278DD7BA00636680 /* AddViewController+DataSource.swift */ = {isa = PBXFileReference; lastKnownFileType = sourcecode.swift; path = "AddViewController+DataSource.swift"; sourceTree = "<group>"; };
		C063F728278DD7F900636680 /* AddViewController+FlowLayout.swift */ = {isa = PBXFileReference; lastKnownFileType = sourcecode.swift; path = "AddViewController+FlowLayout.swift"; sourceTree = "<group>"; };
		C063F72A278DD83F00636680 /* AddViewController+TextView.swift */ = {isa = PBXFileReference; lastKnownFileType = sourcecode.swift; path = "AddViewController+TextView.swift"; sourceTree = "<group>"; };
		C069EB2C278B1B5D004C2900 /* ImageCollectionViewCell.swift */ = {isa = PBXFileReference; lastKnownFileType = sourcecode.swift; path = ImageCollectionViewCell.swift; sourceTree = "<group>"; };
		C069EB2E278B1C1A004C2900 /* UITextField.swift */ = {isa = PBXFileReference; lastKnownFileType = sourcecode.swift; path = UITextField.swift; sourceTree = "<group>"; };
		C069EB30278B3390004C2900 /* ImageCollectionReusableView.swift */ = {isa = PBXFileReference; lastKnownFileType = sourcecode.swift; path = ImageCollectionReusableView.swift; sourceTree = "<group>"; };
		C06E9005278ADBA5005AE69F /* RecommendCollectionViewCell.swift */ = {isa = PBXFileReference; lastKnownFileType = sourcecode.swift; path = RecommendCollectionViewCell.swift; sourceTree = "<group>"; };
		C06E9008278B1A37005AE69F /* AddViewController.swift */ = {isa = PBXFileReference; lastKnownFileType = sourcecode.swift; path = AddViewController.swift; sourceTree = "<group>"; };
		C07ED3AD27996E6000108450 /* DealTabViewController.swift */ = {isa = PBXFileReference; lastKnownFileType = sourcecode.swift; path = DealTabViewController.swift; sourceTree = "<group>"; };
		C08B463227943F7300DCAB7B /* DealDataManager.swift */ = {isa = PBXFileReference; lastKnownFileType = sourcecode.swift; path = DealDataManager.swift; sourceTree = "<group>"; };
		C08B46342794638F00DCAB7B /* DetailDataManager.swift */ = {isa = PBXFileReference; lastKnownFileType = sourcecode.swift; path = DetailDataManager.swift; sourceTree = "<group>"; };
		C08B4637279476F300DCAB7B /* DetailResponse.swift */ = {isa = PBXFileReference; lastKnownFileType = sourcecode.swift; path = DetailResponse.swift; sourceTree = "<group>"; };
		C08EFFE0278E75F000177177 /* CategoryViewController.swift */ = {isa = PBXFileReference; lastKnownFileType = sourcecode.swift; path = CategoryViewController.swift; sourceTree = "<group>"; };
		C09456DA2793E1DA00564381 /* AccountStoryBoard.storyboard */ = {isa = PBXFileReference; lastKnownFileType = file.storyboard; path = AccountStoryBoard.storyboard; sourceTree = "<group>"; };
		C0A22155279105D40043B27F /* MainNavigationController.swift */ = {isa = PBXFileReference; lastKnownFileType = sourcecode.swift; path = MainNavigationController.swift; sourceTree = "<group>"; };
		C0A2215727910C1F0043B27F /* UIImage.swift */ = {isa = PBXFileReference; lastKnownFileType = sourcecode.swift; path = UIImage.swift; sourceTree = "<group>"; };
		C0A2215A279116D40043B27F /* DetailViewController.swift */ = {isa = PBXFileReference; lastKnownFileType = sourcecode.swift; path = DetailViewController.swift; sourceTree = "<group>"; };
		C0A2215C279117640043B27F /* DetailStoryBoard.storyboard */ = {isa = PBXFileReference; lastKnownFileType = file.storyboard; path = DetailStoryBoard.storyboard; sourceTree = "<group>"; };
		C0A3CAFE2797F03F0000F6EF /* ChangeConditionViewController.swift */ = {isa = PBXFileReference; lastKnownFileType = sourcecode.swift; path = ChangeConditionViewController.swift; sourceTree = "<group>"; };
		C0A5EE05278A66640070E617 /* UIView.swift */ = {isa = PBXFileReference; lastKnownFileType = sourcecode.swift; path = UIView.swift; sourceTree = "<group>"; };
		C0A5EE07278A762A0070E617 /* ButtonCollectionViewCell.swift */ = {isa = PBXFileReference; lastKnownFileType = sourcecode.swift; path = ButtonCollectionViewCell.swift; sourceTree = "<group>"; };
		C0A9867F2793D84C003A0298 /* SettingStoryBoard.storyboard */ = {isa = PBXFileReference; lastKnownFileType = file.storyboard; path = SettingStoryBoard.storyboard; sourceTree = "<group>"; };
		C0A986822793DC0D003A0298 /* AccountViewController.swift */ = {isa = PBXFileReference; lastKnownFileType = sourcecode.swift; path = AccountViewController.swift; sourceTree = "<group>"; };
		C0A986862793DED9003A0298 /* AccountTableViewCell.swift */ = {isa = PBXFileReference; lastKnownFileType = sourcecode.swift; path = AccountTableViewCell.swift; sourceTree = "<group>"; };
		C0B2759327899F1200C10AE4 /* BGJTCloneApp.app */ = {isa = PBXFileReference; explicitFileType = wrapper.application; includeInIndex = 0; path = BGJTCloneApp.app; sourceTree = BUILT_PRODUCTS_DIR; };
		C0B2759627899F1200C10AE4 /* AppDelegate.swift */ = {isa = PBXFileReference; lastKnownFileType = sourcecode.swift; path = AppDelegate.swift; sourceTree = "<group>"; };
		C0B2759827899F1200C10AE4 /* SceneDelegate.swift */ = {isa = PBXFileReference; lastKnownFileType = sourcecode.swift; path = SceneDelegate.swift; sourceTree = "<group>"; };
		C0B2759A27899F1200C10AE4 /* ViewController.swift */ = {isa = PBXFileReference; lastKnownFileType = sourcecode.swift; path = ViewController.swift; sourceTree = "<group>"; };
		C0B2759D27899F1200C10AE4 /* Base */ = {isa = PBXFileReference; lastKnownFileType = file.storyboard; name = Base; path = Base.lproj/Main.storyboard; sourceTree = "<group>"; };
		C0B2759F27899F1400C10AE4 /* Assets.xcassets */ = {isa = PBXFileReference; lastKnownFileType = folder.assetcatalog; path = Assets.xcassets; sourceTree = "<group>"; };
		C0B275A227899F1400C10AE4 /* Base */ = {isa = PBXFileReference; lastKnownFileType = file.storyboard; name = Base; path = Base.lproj/LaunchScreen.storyboard; sourceTree = "<group>"; };
		C0B275A427899F1400C10AE4 /* Info.plist */ = {isa = PBXFileReference; lastKnownFileType = text.plist.xml; path = Info.plist; sourceTree = "<group>"; };
		C0B275A927899F1400C10AE4 /* BGJTCloneAppTests.xctest */ = {isa = PBXFileReference; explicitFileType = wrapper.cfbundle; includeInIndex = 0; path = BGJTCloneAppTests.xctest; sourceTree = BUILT_PRODUCTS_DIR; };
		C0B275AD27899F1400C10AE4 /* BGJTCloneAppTests.swift */ = {isa = PBXFileReference; lastKnownFileType = sourcecode.swift; path = BGJTCloneAppTests.swift; sourceTree = "<group>"; };
		C0B275B327899F1400C10AE4 /* BGJTCloneAppUITests.xctest */ = {isa = PBXFileReference; explicitFileType = wrapper.cfbundle; includeInIndex = 0; path = BGJTCloneAppUITests.xctest; sourceTree = BUILT_PRODUCTS_DIR; };
		C0B275B727899F1400C10AE4 /* BGJTCloneAppUITests.swift */ = {isa = PBXFileReference; lastKnownFileType = sourcecode.swift; path = BGJTCloneAppUITests.swift; sourceTree = "<group>"; };
		C0B275B927899F1400C10AE4 /* BGJTCloneAppUITestsLaunchTests.swift */ = {isa = PBXFileReference; lastKnownFileType = sourcecode.swift; path = BGJTCloneAppUITestsLaunchTests.swift; sourceTree = "<group>"; };
		C0B275C727899F3C00C10AE4 /* Constant.swift */ = {isa = PBXFileReference; fileEncoding = 4; lastKnownFileType = sourcecode.swift; path = Constant.swift; sourceTree = "<group>"; };
		C0B275C927899F3C00C10AE4 /* Secret.swift */ = {isa = PBXFileReference; fileEncoding = 4; lastKnownFileType = sourcecode.swift; path = Secret.swift; sourceTree = "<group>"; };
		C0B275CB27899F3C00C10AE4 /* NotoSansCJKkr-Medium.otf */ = {isa = PBXFileReference; lastKnownFileType = file; path = "NotoSansCJKkr-Medium.otf"; sourceTree = "<group>"; };
		C0B275CC27899F3C00C10AE4 /* NotoSansCJKkr-Regular.otf */ = {isa = PBXFileReference; lastKnownFileType = file; path = "NotoSansCJKkr-Regular.otf"; sourceTree = "<group>"; };
		C0B275CD27899F3C00C10AE4 /* NotoSansCJKkr-Bold.otf */ = {isa = PBXFileReference; lastKnownFileType = file; path = "NotoSansCJKkr-Bold.otf"; sourceTree = "<group>"; };
		C0B275CF27899F3C00C10AE4 /* BaseViewController.swift */ = {isa = PBXFileReference; fileEncoding = 4; lastKnownFileType = sourcecode.swift; path = BaseViewController.swift; sourceTree = "<group>"; };
		C0B275D727899F4F00C10AE4 /* IndicatorView.swift */ = {isa = PBXFileReference; fileEncoding = 4; lastKnownFileType = sourcecode.swift; path = IndicatorView.swift; sourceTree = "<group>"; };
		C0B275D927899F4F00C10AE4 /* Date.swift */ = {isa = PBXFileReference; fileEncoding = 4; lastKnownFileType = sourcecode.swift; path = Date.swift; sourceTree = "<group>"; };
		C0B275DB27899F4F00C10AE4 /* String.swift */ = {isa = PBXFileReference; fileEncoding = 4; lastKnownFileType = sourcecode.swift; path = String.swift; sourceTree = "<group>"; };
		C0B275DC27899F4F00C10AE4 /* UIButton.swift */ = {isa = PBXFileReference; fileEncoding = 4; lastKnownFileType = sourcecode.swift; path = UIButton.swift; sourceTree = "<group>"; };
		C0B275DD27899F4F00C10AE4 /* UIViewController.swift */ = {isa = PBXFileReference; fileEncoding = 4; lastKnownFileType = sourcecode.swift; path = UIViewController.swift; sourceTree = "<group>"; };
		C0B275DE27899F4F00C10AE4 /* UINavigationBar.swift */ = {isa = PBXFileReference; fileEncoding = 4; lastKnownFileType = sourcecode.swift; path = UINavigationBar.swift; sourceTree = "<group>"; };
		C0B275DF27899F4F00C10AE4 /* UIFont.swift */ = {isa = PBXFileReference; fileEncoding = 4; lastKnownFileType = sourcecode.swift; path = UIFont.swift; sourceTree = "<group>"; };
		C0B275E027899F4F00C10AE4 /* Device.swift */ = {isa = PBXFileReference; fileEncoding = 4; lastKnownFileType = sourcecode.swift; path = Device.swift; sourceTree = "<group>"; };
		C0B275EB2789BDF200C10AE4 /* LoginViewController.swift */ = {isa = PBXFileReference; lastKnownFileType = sourcecode.swift; path = LoginViewController.swift; sourceTree = "<group>"; };
		C0B544C427D2633000F20D5E /* UIColor.swift */ = {isa = PBXFileReference; lastKnownFileType = sourcecode.swift; path = UIColor.swift; sourceTree = "<group>"; };
		C0BBCE58278A80C300C12161 /* HomeViewController+DataSource.swift */ = {isa = PBXFileReference; lastKnownFileType = sourcecode.swift; path = "HomeViewController+DataSource.swift"; sourceTree = "<group>"; };
		C0BBCE5A278A9AE200C12161 /* HomeItemViewController.swift */ = {isa = PBXFileReference; lastKnownFileType = sourcecode.swift; path = HomeItemViewController.swift; sourceTree = "<group>"; };
		C0BBCE5D278A9CB400C12161 /* RecommendViewController.swift */ = {isa = PBXFileReference; lastKnownFileType = sourcecode.swift; path = RecommendViewController.swift; sourceTree = "<group>"; };
		C0BBCE5F278A9CEF00C12161 /* BrandViewController.swift */ = {isa = PBXFileReference; lastKnownFileType = sourcecode.swift; path = BrandViewController.swift; sourceTree = "<group>"; };
		C0C37B19278FACA500AA9AC0 /* OptionChoiceViewController.swift */ = {isa = PBXFileReference; lastKnownFileType = sourcecode.swift; path = OptionChoiceViewController.swift; sourceTree = "<group>"; };
		C0C37B1C278FADAE00AA9AC0 /* Base */ = {isa = PBXFileReference; lastKnownFileType = file.storyboard; name = Base; path = BGJTCloneApp/Source/Base.lproj/TagStoryBoard.storyboard; sourceTree = SOURCE_ROOT; };
		C0C37B1E278FCC4300AA9AC0 /* ItemPost.swift */ = {isa = PBXFileReference; lastKnownFileType = sourcecode.swift; path = ItemPost.swift; sourceTree = "<group>"; };
		C0C37B21278FCD9800AA9AC0 /* AddManager.swift */ = {isa = PBXFileReference; lastKnownFileType = sourcecode.swift; path = AddManager.swift; sourceTree = "<group>"; };
		C0C37B25279012C800AA9AC0 /* WishDataManager.swift */ = {isa = PBXFileReference; lastKnownFileType = sourcecode.swift; path = WishDataManager.swift; sourceTree = "<group>"; };
		C0C37B27279019B700AA9AC0 /* RecommendDataManager.swift */ = {isa = PBXFileReference; lastKnownFileType = sourcecode.swift; path = RecommendDataManager.swift; sourceTree = "<group>"; };
		C0C37B2A27901A0500AA9AC0 /* WishResponse.swift */ = {isa = PBXFileReference; lastKnownFileType = sourcecode.swift; path = WishResponse.swift; sourceTree = "<group>"; };
		C0C37B2C27901F2900AA9AC0 /* RecommendResponse.swift */ = {isa = PBXFileReference; lastKnownFileType = sourcecode.swift; path = RecommendResponse.swift; sourceTree = "<group>"; };
		C0C37B31279054E700AA9AC0 /* InterestViewController.swift */ = {isa = PBXFileReference; lastKnownFileType = sourcecode.swift; path = InterestViewController.swift; sourceTree = "<group>"; };
		C0C37B35279061D900AA9AC0 /* WishCollectionViewCell.swift */ = {isa = PBXFileReference; lastKnownFileType = sourcecode.swift; path = WishCollectionViewCell.swift; sourceTree = "<group>"; };
		C0C37B392790649700AA9AC0 /* WishListResponse.swift */ = {isa = PBXFileReference; lastKnownFileType = sourcecode.swift; path = WishListResponse.swift; sourceTree = "<group>"; };
		C0C37B3B279064B900AA9AC0 /* WishListDataManager.swift */ = {isa = PBXFileReference; lastKnownFileType = sourcecode.swift; path = WishListDataManager.swift; sourceTree = "<group>"; };
		C0D46F332789C61D0075048D /* LoginManager.swift */ = {isa = PBXFileReference; lastKnownFileType = sourcecode.swift; path = LoginManager.swift; sourceTree = "<group>"; };
		C0DE257427983B2D001F25BF /* InquiryTableViewCell.swift */ = {isa = PBXFileReference; lastKnownFileType = sourcecode.swift; path = InquiryTableViewCell.swift; sourceTree = "<group>"; };
		C0DE257627983E20001F25BF /* InquiryDataManager.swift */ = {isa = PBXFileReference; lastKnownFileType = sourcecode.swift; path = InquiryDataManager.swift; sourceTree = "<group>"; };
		C0F043C9279697F900DE0B45 /* ItemEditManager.swift */ = {isa = PBXFileReference; lastKnownFileType = sourcecode.swift; path = ItemEditManager.swift; sourceTree = "<group>"; };
		C0F043CC27970D4F00DE0B45 /* CustomAlertView.swift */ = {isa = PBXFileReference; lastKnownFileType = sourcecode.swift; path = CustomAlertView.swift; sourceTree = "<group>"; };
		C0F7513F27932AF7000D7661 /* Protocol.swift */ = {isa = PBXFileReference; lastKnownFileType = sourcecode.swift; path = Protocol.swift; sourceTree = "<group>"; };
		C0F7514227932BCA000D7661 /* InterestStoryBoard.storyboard */ = {isa = PBXFileReference; fileEncoding = 4; lastKnownFileType = file.storyboard; path = InterestStoryBoard.storyboard; sourceTree = "<group>"; };
		C0F7514927933847000D7661 /* ko */ = {isa = PBXFileReference; lastKnownFileType = text.plist.strings; name = ko; path = ../ko.lproj/LoginStoryBoard.strings; sourceTree = "<group>"; };
		C0F7514A27933847000D7661 /* ko */ = {isa = PBXFileReference; lastKnownFileType = text.plist.strings; name = ko; path = ../ko.lproj/AddStoryBoard.strings; sourceTree = "<group>"; };
		C0F7514B27933847000D7661 /* ko */ = {isa = PBXFileReference; lastKnownFileType = text.plist.strings; name = ko; path = ../../ko.lproj/TagStoryBoard.strings; sourceTree = "<group>"; };
		C0F7514C27933847000D7661 /* ko */ = {isa = PBXFileReference; lastKnownFileType = text.plist.strings; name = ko; path = ko.lproj/Main.strings; sourceTree = "<group>"; };
		C0F7514D27933847000D7661 /* ko */ = {isa = PBXFileReference; lastKnownFileType = text.plist.strings; name = ko; path = ko.lproj/LaunchScreen.strings; sourceTree = "<group>"; };
		C0F90D822789D5A5001EF74D /* HomeViewController.swift */ = {isa = PBXFileReference; lastKnownFileType = sourcecode.swift; path = HomeViewController.swift; sourceTree = "<group>"; };
		C0FDCD912790774000859989 /* WishCollctionViewController.swift */ = {isa = PBXFileReference; lastKnownFileType = sourcecode.swift; path = WishCollctionViewController.swift; sourceTree = "<group>"; };
		C0FF3FA927964B610008D1DC /* MyDataManager.swift */ = {isa = PBXFileReference; lastKnownFileType = sourcecode.swift; path = MyDataManager.swift; sourceTree = "<group>"; };
		C0FF3FAC279652AD0008D1DC /* MyResponse.swift */ = {isa = PBXFileReference; lastKnownFileType = sourcecode.swift; path = MyResponse.swift; sourceTree = "<group>"; };
		C0FF3FAE279652C90008D1DC /* DealListDataManager.swift */ = {isa = PBXFileReference; lastKnownFileType = sourcecode.swift; path = DealListDataManager.swift; sourceTree = "<group>"; };
		C0FF3FB027965FBC0008D1DC /* DetailTableViewCell.swift */ = {isa = PBXFileReference; lastKnownFileType = sourcecode.swift; path = DetailTableViewCell.swift; sourceTree = "<group>"; };
		C0FF3FB22796946D0008D1DC /* ItemEditViewController.swift */ = {isa = PBXFileReference; lastKnownFileType = sourcecode.swift; path = ItemEditViewController.swift; sourceTree = "<group>"; };
/* End PBXFileReference section */

/* Begin PBXFrameworksBuildPhase section */
		C0B2759027899F1200C10AE4 /* Frameworks */ = {
			isa = PBXFrameworksBuildPhase;
			buildActionMask = 2147483647;
			files = (
				E1B729B57D334CB84CB2C6AB /* Pods_BGJTCloneApp.framework in Frameworks */,
			);
			runOnlyForDeploymentPostprocessing = 0;
		};
		C0B275A627899F1400C10AE4 /* Frameworks */ = {
			isa = PBXFrameworksBuildPhase;
			buildActionMask = 2147483647;
			files = (
				DD357B9DE38F78400D34EFEB /* Pods_BGJTCloneAppTests.framework in Frameworks */,
			);
			runOnlyForDeploymentPostprocessing = 0;
		};
		C0B275B027899F1400C10AE4 /* Frameworks */ = {
			isa = PBXFrameworksBuildPhase;
			buildActionMask = 2147483647;
			files = (
				50AB148FE4D906B1C7F0C069 /* Pods_BGJTCloneApp_BGJTCloneAppUITests.framework in Frameworks */,
			);
			runOnlyForDeploymentPostprocessing = 0;
		};
/* End PBXFrameworksBuildPhase section */

/* Begin PBXGroup section */
		873CA8A6F2C33A40C86A8992 /* Frameworks */ = {
			isa = PBXGroup;
			children = (
				80A53D6EC511E05BD545CFC1 /* Pods_BGJTCloneApp.framework */,
				6E236351E5FE29C37373E0C7 /* Pods_BGJTCloneApp_BGJTCloneAppUITests.framework */,
				A04F2D31B4B0809F2C8898EF /* Pods_BGJTCloneAppTests.framework */,
			);
			name = Frameworks;
			sourceTree = "<group>";
		};
		C02051B62793D4DB00924DA4 /* Setting */ = {
			isa = PBXGroup;
			children = (
				C0A9867F2793D84C003A0298 /* SettingStoryBoard.storyboard */,
				C02051B42793D48800924DA4 /* SettingViewController.swift */,
				C02051B92793D55500924DA4 /* SettingTableViewCell.swift */,
				C0A986812793DBFC003A0298 /* Account */,
			);
			path = Setting;
			sourceTree = "<group>";
		};
		C02B5798279532BE00CD404D /* DealModal */ = {
			isa = PBXGroup;
			children = (
				C02D1EB327951126000D4FE9 /* DealModalStoryBoard.storyboard */,
				C02D1EB127951100000D4FE9 /* DealModalViewController.swift */,
				C05CED1C27918E9B005A2646 /* Deal */,
			);
			path = DealModal;
			sourceTree = "<group>";
		};
		C02B579F27957BF200CD404D /* Follow */ = {
			isa = PBXGroup;
			children = (
				C02B579B279575D600CD404D /* FollowingViewController.swift */,
				C02B579D27957BB800CD404D /* FollowerViewController.swift */,
				C02B57A027957C0A00CD404D /* FollowingListDataManager.swift */,
				C05F4CF82795852300206BA8 /* FollowerTableViewCell.swift */,
				C02B57A72795802000CD404D /* FollowingListTableViewCell.swift */,
				C02B57A227957C1D00CD404D /* Entity */,
			);
			path = Follow;
			sourceTree = "<group>";
		};
		C02B57A227957C1D00CD404D /* Entity */ = {
			isa = PBXGroup;
			children = (
				C02B57A327957C3200CD404D /* FollowerListResponse.swift */,
				C02B57A527957C4600CD404D /* FollowingListResponse.swift */,
			);
			path = Entity;
			sourceTree = "<group>";
		};
		C030E9E72793F49700742574 /* Edit */ = {
			isa = PBXGroup;
			children = (
				C030E9E82793F4A800742574 /* AccountEditViewController.swift */,
				C030E9EA2793F4D500742574 /* AccountEditStoryBoard.storyboard */,
			);
			path = Edit;
			sourceTree = "<group>";
		};
		C030E9EC2794346200742574 /* Entity */ = {
			isa = PBXGroup;
			children = (
				C030E9ED2794348500742574 /* AccountResponse.swift */,
			);
			path = Entity;
			sourceTree = "<group>";
		};
		C030E9EF2794357F00742574 /* MoreEdit */ = {
			isa = PBXGroup;
			children = (
				C030E9E32793E87100742574 /* MoreModalViewController.swift */,
			);
			path = MoreEdit;
			sourceTree = "<group>";
		};
		C03B25412793A14F007A360F /* My */ = {
			isa = PBXGroup;
			children = (
				C03B25442793A2A6007A360F /* MyStoryBoard.storyboard */,
				C07ED3AD27996E6000108450 /* DealTabViewController.swift */,
				C03B25422793A175007A360F /* MyViewController.swift */,
				C02051B22793C47100924DA4 /* MyTableViewCell.swift */,
				C0FF3FA927964B610008D1DC /* MyDataManager.swift */,
				C0FF3FAE279652C90008D1DC /* DealListDataManager.swift */,
				C0F043CB2796CF8C00DE0B45 /* ItemEdit */,
				C0B2759C27899F1200C10AE4 /* Main.storyboard */,
				C0FF3FAB2796529F0008D1DC /* Entity */,
				C02B579F27957BF200CD404D /* Follow */,
				C02051B62793D4DB00924DA4 /* Setting */,
			);
			path = My;
			sourceTree = "<group>";
		};
		C0526AA9278E780D0014C824 /* Cell */ = {
			isa = PBXGroup;
			children = (
				C0526AA5278E77F90014C824 /* RecentTableViewCell.swift */,
				C0526AA7278E78090014C824 /* AllTableViewCell.swift */,
			);
			path = Cell;
			sourceTree = "<group>";
		};
		C0526AAA278EB2990014C824 /* Tag */ = {
			isa = PBXGroup;
			children = (
				C0C37B1B278FADAE00AA9AC0 /* TagStoryBoard.storyboard */,
				C0526AAB278EB2A70014C824 /* TagViewController.swift */,
				C0526AAD278EB7BF0014C824 /* Cell */,
			);
			path = Tag;
			sourceTree = "<group>";
		};
		C0526AAD278EB7BF0014C824 /* Cell */ = {
			isa = PBXGroup;
			children = (
				C0526AAE278EB7E50014C824 /* TagCollectionViewCell.swift */,
			);
			path = Cell;
			sourceTree = "<group>";
		};
		C0526AB0278F0B5F0014C824 /* TagCollectionView */ = {
			isa = PBXGroup;
			children = (
				C0526AB1278F0B860014C824 /* TagMainCollectionViewCell.swift */,
			);
			path = TagCollectionView;
			sourceTree = "<group>";
		};
		C057F509278BFE2900405ACD /* Entity */ = {
			isa = PBXGroup;
			children = (
				C057F507278BF8D900405ACD /* NaverLoginResponse.swift */,
			);
			path = Entity;
			sourceTree = "<group>";
		};
		C057F50A278C045E00405ACD /* Recommend */ = {
			isa = PBXGroup;
			children = (
				C057F50E278C04CB00405ACD /* RecommendStoryBoard.storyboard */,
				C0BBCE5D278A9CB400C12161 /* RecommendViewController.swift */,
				C057F517278C862600405ACD /* RecommendViewController+DataSource.swift */,
				C0C37B25279012C800AA9AC0 /* WishDataManager.swift */,
				C0C37B27279019B700AA9AC0 /* RecommendDataManager.swift */,
				C0C37B29279019E400AA9AC0 /* Entity */,
				C057F519278C864A00405ACD /* Cell */,
			);
			path = Recommend;
			sourceTree = "<group>";
		};
		C057F50B278C046E00405ACD /* Brand */ = {
			isa = PBXGroup;
			children = (
				C057F510278C052100405ACD /* BrandStoryBoard.storyboard */,
				C0BBCE5F278A9CEF00C12161 /* BrandViewController.swift */,
			);
			path = Brand;
			sourceTree = "<group>";
		};
		C057F519278C864A00405ACD /* Cell */ = {
			isa = PBXGroup;
			children = (
				C06E9005278ADBA5005AE69F /* RecommendCollectionViewCell.swift */,
			);
			path = Cell;
			sourceTree = "<group>";
		};
		C05CED1C27918E9B005A2646 /* Deal */ = {
			isa = PBXGroup;
			children = (
				C05CED1D27918EAB005A2646 /* DealStoryBoard.storyboard */,
				C05CED1F27918EB6005A2646 /* DealViewController.swift */,
				C08B463227943F7300DCAB7B /* DealDataManager.swift */,
			);
			path = Deal;
			sourceTree = "<group>";
		};
		C063F72C278DD85B00636680 /* ImageCollectionView */ = {
			isa = PBXGroup;
			children = (
				C069EB2C278B1B5D004C2900 /* ImageCollectionViewCell.swift */,
				C069EB30278B3390004C2900 /* ImageCollectionReusableView.swift */,
			);
			path = ImageCollectionView;
			sourceTree = "<group>";
		};
		C06E9007278B1A29005AE69F /* Add */ = {
			isa = PBXGroup;
			children = (
				C057F512278C27F700405ACD /* AddStoryBoard.storyboard */,
				C06E9008278B1A37005AE69F /* AddViewController.swift */,
				C063F72A278DD83F00636680 /* AddViewController+TextView.swift */,
				C0C37B21278FCD9800AA9AC0 /* AddManager.swift */,
				C0C37B24278FF28D00AA9AC0 /* Add CollectionView */,
				C0C37B20278FCD7000AA9AC0 /* Entity */,
				C0526AAA278EB2990014C824 /* Tag */,
				C08EFFDF278E75E200177177 /* Category */,
				C0C37B23278FF23400AA9AC0 /* Option */,
			);
			path = Add;
			sourceTree = "<group>";
		};
		C07ED3AF279977AE00108450 /* Inquiry */ = {
			isa = PBXGroup;
			children = (
				C0059C6627983875009C94A4 /* InquiryViewController.swift */,
				C0DE257427983B2D001F25BF /* InquiryTableViewCell.swift */,
				C0DE257627983E20001F25BF /* InquiryDataManager.swift */,
			);
			path = Inquiry;
			sourceTree = "<group>";
		};
		C08B4636279476E000DCAB7B /* Entity */ = {
			isa = PBXGroup;
			children = (
				C08B4637279476F300DCAB7B /* DetailResponse.swift */,
			);
			path = Entity;
			sourceTree = "<group>";
		};
		C08EFFDF278E75E200177177 /* Category */ = {
			isa = PBXGroup;
			children = (
				C02051BE2793D66900924DA4 /* CategoryStoryBoard.storyboard */,
				C08EFFE0278E75F000177177 /* CategoryViewController.swift */,
				C0526AA9278E780D0014C824 /* Cell */,
			);
			path = Category;
			sourceTree = "<group>";
		};
		C0A22159279116BF0043B27F /* Detail */ = {
			isa = PBXGroup;
			children = (
				C0A2215C279117640043B27F /* DetailStoryBoard.storyboard */,
				C0A2215A279116D40043B27F /* DetailViewController.swift */,
				C08B46342794638F00DCAB7B /* DetailDataManager.swift */,
				C08B4636279476E000DCAB7B /* Entity */,
				C02B5798279532BE00CD404D /* DealModal */,
				C02B57992795711700CD404D /* FollowDataManager.swift */,
				C0FF3FB027965FBC0008D1DC /* DetailTableViewCell.swift */,
				C01DEAAA2797E4A0000798A8 /* FollowModalView.swift */,
				C07ED3AF279977AE00108450 /* Inquiry */,
			);
			path = Detail;
			sourceTree = "<group>";
		};
		C0A986812793DBFC003A0298 /* Account */ = {
			isa = PBXGroup;
			children = (
				C09456DA2793E1DA00564381 /* AccountStoryBoard.storyboard */,
				C0A986822793DC0D003A0298 /* AccountViewController.swift */,
				C0A986862793DED9003A0298 /* AccountTableViewCell.swift */,
				C030E9E52793E90000742574 /* AccountDataManager.swift */,
				C030E9EF2794357F00742574 /* MoreEdit */,
				C030E9EC2794346200742574 /* Entity */,
				C030E9E72793F49700742574 /* Edit */,
			);
			path = Account;
			sourceTree = "<group>";
		};
		C0B2758A27899F1200C10AE4 = {
			isa = PBXGroup;
			children = (
				C0B2759527899F1200C10AE4 /* BGJTCloneApp */,
				C0B275AC27899F1400C10AE4 /* BGJTCloneAppTests */,
				C0B275B627899F1400C10AE4 /* BGJTCloneAppUITests */,
				C0B2759427899F1200C10AE4 /* Products */,
				D6A7EF4DBB83E77EEB7BE7C7 /* Pods */,
				873CA8A6F2C33A40C86A8992 /* Frameworks */,
			);
			sourceTree = "<group>";
		};
		C0B2759427899F1200C10AE4 /* Products */ = {
			isa = PBXGroup;
			children = (
				C0B2759327899F1200C10AE4 /* BGJTCloneApp.app */,
				C0B275A927899F1400C10AE4 /* BGJTCloneAppTests.xctest */,
				C0B275B327899F1400C10AE4 /* BGJTCloneAppUITests.xctest */,
			);
			name = Products;
			sourceTree = "<group>";
		};
		C0B2759527899F1200C10AE4 /* BGJTCloneApp */ = {
			isa = PBXGroup;
			children = (
				C0B275C627899F3C00C10AE4 /* Configuration */,
				C0B275D627899F4F00C10AE4 /* Util */,
				C0B275EA27899F5A00C10AE4 /* Source */,
				C0B2759627899F1200C10AE4 /* AppDelegate.swift */,
				C063F722278D1AEB00636680 /* AutoLoginResponse.swift */,
				C0B2759827899F1200C10AE4 /* SceneDelegate.swift */,
				C0B2759A27899F1200C10AE4 /* ViewController.swift */,
				C0B2759F27899F1400C10AE4 /* Assets.xcassets */,
				C0B275A127899F1400C10AE4 /* LaunchScreen.storyboard */,
				C0B275A427899F1400C10AE4 /* Info.plist */,
			);
			path = BGJTCloneApp;
			sourceTree = "<group>";
		};
		C0B275AC27899F1400C10AE4 /* BGJTCloneAppTests */ = {
			isa = PBXGroup;
			children = (
				C0B275AD27899F1400C10AE4 /* BGJTCloneAppTests.swift */,
			);
			path = BGJTCloneAppTests;
			sourceTree = "<group>";
		};
		C0B275B627899F1400C10AE4 /* BGJTCloneAppUITests */ = {
			isa = PBXGroup;
			children = (
				C0B275B727899F1400C10AE4 /* BGJTCloneAppUITests.swift */,
				C0B275B927899F1400C10AE4 /* BGJTCloneAppUITestsLaunchTests.swift */,
			);
			path = BGJTCloneAppUITests;
			sourceTree = "<group>";
		};
		C0B275C627899F3C00C10AE4 /* Configuration */ = {
			isa = PBXGroup;
			children = (
				C0B275C727899F3C00C10AE4 /* Constant.swift */,
				C0B275C827899F3C00C10AE4 /* Secret */,
				C0B275CA27899F3C00C10AE4 /* Font */,
				C0B275CE27899F3C00C10AE4 /* Base */,
			);
			path = Configuration;
			sourceTree = "<group>";
		};
		C0B275C827899F3C00C10AE4 /* Secret */ = {
			isa = PBXGroup;
			children = (
				C0B275C927899F3C00C10AE4 /* Secret.swift */,
			);
			path = Secret;
			sourceTree = "<group>";
		};
		C0B275CA27899F3C00C10AE4 /* Font */ = {
			isa = PBXGroup;
			children = (
				C0B275CB27899F3C00C10AE4 /* NotoSansCJKkr-Medium.otf */,
				C0B275CC27899F3C00C10AE4 /* NotoSansCJKkr-Regular.otf */,
				C0B275CD27899F3C00C10AE4 /* NotoSansCJKkr-Bold.otf */,
			);
			path = Font;
			sourceTree = "<group>";
		};
		C0B275CE27899F3C00C10AE4 /* Base */ = {
			isa = PBXGroup;
			children = (
				C0B275CF27899F3C00C10AE4 /* BaseViewController.swift */,
			);
			path = Base;
			sourceTree = "<group>";
		};
		C0B275D627899F4F00C10AE4 /* Util */ = {
			isa = PBXGroup;
			children = (
				C0B275D727899F4F00C10AE4 /* IndicatorView.swift */,
				C0B275E027899F4F00C10AE4 /* Device.swift */,
				C057F503278BB43200405ACD /* HalfModalPresentationController.swift */,
				C0B275D827899F4F00C10AE4 /* Extension */,
				C0F7513F27932AF7000D7661 /* Protocol.swift */,
			);
			path = Util;
			sourceTree = "<group>";
		};
		C0B275D827899F4F00C10AE4 /* Extension */ = {
			isa = PBXGroup;
			children = (
				C0B275D927899F4F00C10AE4 /* Date.swift */,
				C0B275DB27899F4F00C10AE4 /* String.swift */,
				C0B275DC27899F4F00C10AE4 /* UIButton.swift */,
				C0B275DD27899F4F00C10AE4 /* UIViewController.swift */,
				C0B275DE27899F4F00C10AE4 /* UINavigationBar.swift */,
				C0B275DF27899F4F00C10AE4 /* UIFont.swift */,
				C01DAD7F2789E4C4008430B8 /* UIApplication.swift */,
				C0A5EE05278A66640070E617 /* UIView.swift */,
				C069EB2E278B1C1A004C2900 /* UITextField.swift */,
				C0A2215727910C1F0043B27F /* UIImage.swift */,
				C0B544C427D2633000F20D5E /* UIColor.swift */,
			);
			path = Extension;
			sourceTree = "<group>";
		};
		C0B275EA27899F5A00C10AE4 /* Source */ = {
			isa = PBXGroup;
			children = (
				C0F043CC27970D4F00DE0B45 /* CustomAlertView.swift */,
				C0F90D812789D593001EF74D /* Login */,
				C0F90D802789D58D001EF74D /* Home */,
				C0A22159279116BF0043B27F /* Detail */,
				C0F7514127932B4B000D7661 /* Wish+Recent */,
				C06E9007278B1A29005AE69F /* Add */,
				C03B25412793A14F007A360F /* My */,
				C063F724278D50A800636680 /* TabBarController.swift */,
			);
			path = Source;
			sourceTree = "<group>";
		};
		C0BBCE5C278A9C9500C12161 /* Item */ = {
			isa = PBXGroup;
			children = (
				C057F50C278C04A400405ACD /* ItemStoryBoard.storyboard */,
				C0BBCE5A278A9AE200C12161 /* HomeItemViewController.swift */,
				C057F50A278C045E00405ACD /* Recommend */,
				C057F50B278C046E00405ACD /* Brand */,
			);
			path = Item;
			sourceTree = "<group>";
		};
		C0C37B20278FCD7000AA9AC0 /* Entity */ = {
			isa = PBXGroup;
			children = (
				C0C37B1E278FCC4300AA9AC0 /* ItemPost.swift */,
			);
			path = Entity;
			sourceTree = "<group>";
		};
		C0C37B23278FF23400AA9AC0 /* Option */ = {
			isa = PBXGroup;
			children = (
				C0C37B19278FACA500AA9AC0 /* OptionChoiceViewController.swift */,
			);
			path = Option;
			sourceTree = "<group>";
		};
		C0C37B24278FF28D00AA9AC0 /* Add CollectionView */ = {
			isa = PBXGroup;
			children = (
				C063F728278DD7F900636680 /* AddViewController+FlowLayout.swift */,
				C063F726278DD7BA00636680 /* AddViewController+DataSource.swift */,
				C0526AB0278F0B5F0014C824 /* TagCollectionView */,
				C063F72C278DD85B00636680 /* ImageCollectionView */,
			);
			path = "Add CollectionView";
			sourceTree = "<group>";
		};
		C0C37B29279019E400AA9AC0 /* Entity */ = {
			isa = PBXGroup;
			children = (
				C0C37B2A27901A0500AA9AC0 /* WishResponse.swift */,
				C0C37B2C27901F2900AA9AC0 /* RecommendResponse.swift */,
			);
			path = Entity;
			sourceTree = "<group>";
		};
		C0C37B2E279052AD00AA9AC0 /* Wish */ = {
			isa = PBXGroup;
			children = (
				C0FDCD912790774000859989 /* WishCollctionViewController.swift */,
				C0C37B35279061D900AA9AC0 /* WishCollectionViewCell.swift */,
				C0C37B3B279064B900AA9AC0 /* WishListDataManager.swift */,
				C0F7514427932BDE000D7661 /* Entity */,
			);
			path = Wish;
			sourceTree = "<group>";
		};
		C0F043CB2796CF8C00DE0B45 /* ItemEdit */ = {
			isa = PBXGroup;
			children = (
				C0FF3FB22796946D0008D1DC /* ItemEditViewController.swift */,
				C0F043C9279697F900DE0B45 /* ItemEditManager.swift */,
				C0A3CAFE2797F03F0000F6EF /* ChangeConditionViewController.swift */,
			);
			path = ItemEdit;
			sourceTree = "<group>";
		};
		C0F7514127932B4B000D7661 /* Wish+Recent */ = {
			isa = PBXGroup;
			children = (
				C0F7514227932BCA000D7661 /* InterestStoryBoard.storyboard */,
				C0C37B31279054E700AA9AC0 /* InterestViewController.swift */,
				C0C37B2E279052AD00AA9AC0 /* Wish */,
			);
			path = "Wish+Recent";
			sourceTree = "<group>";
		};
		C0F7514427932BDE000D7661 /* Entity */ = {
			isa = PBXGroup;
			children = (
				C0C37B392790649700AA9AC0 /* WishListResponse.swift */,
			);
			path = Entity;
			sourceTree = "<group>";
		};
		C0F90D802789D58D001EF74D /* Home */ = {
			isa = PBXGroup;
			children = (
				C0A22155279105D40043B27F /* MainNavigationController.swift */,
				C057F501278BB23400405ACD /* HomeStoryBoard.storyboard */,
				C0F90D822789D5A5001EF74D /* HomeViewController.swift */,
				C0BBCE58278A80C300C12161 /* HomeViewController+DataSource.swift */,
				C0A5EE07278A762A0070E617 /* ButtonCollectionViewCell.swift */,
				C0BBCE5C278A9C9500C12161 /* Item */,
			);
			path = Home;
			sourceTree = "<group>";
		};
		C0F90D812789D593001EF74D /* Login */ = {
			isa = PBXGroup;
			children = (
				C057F4FE278BB1F900405ACD /* LoginStoryBoard.storyboard */,
				C0D46F332789C61D0075048D /* LoginManager.swift */,
				C0B275EB2789BDF200C10AE4 /* LoginViewController.swift */,
				C057F505278BB60800405ACD /* OtherLoginViewController.swift */,
				C057F509278BFE2900405ACD /* Entity */,
			);
			path = Login;
			sourceTree = "<group>";
		};
		C0FF3FAB2796529F0008D1DC /* Entity */ = {
			isa = PBXGroup;
			children = (
				C0FF3FAC279652AD0008D1DC /* MyResponse.swift */,
			);
			path = Entity;
			sourceTree = "<group>";
		};
		D6A7EF4DBB83E77EEB7BE7C7 /* Pods */ = {
			isa = PBXGroup;
			children = (
				4F4FF5121B5F9247D0F976FC /* Pods-BGJTCloneApp.debug.xcconfig */,
				620E37B45146F23BD48C14D5 /* Pods-BGJTCloneApp.release.xcconfig */,
				1698AD511259F1CD93309286 /* Pods-BGJTCloneApp-BGJTCloneAppUITests.debug.xcconfig */,
				342F0CE37B84EA365EBB0028 /* Pods-BGJTCloneApp-BGJTCloneAppUITests.release.xcconfig */,
				89899506D4DD36F64B8FB1D0 /* Pods-BGJTCloneAppTests.debug.xcconfig */,
				7E31636B8F10DA2377954033 /* Pods-BGJTCloneAppTests.release.xcconfig */,
			);
			path = Pods;
			sourceTree = "<group>";
		};
/* End PBXGroup section */

/* Begin PBXNativeTarget section */
		C0B2759227899F1200C10AE4 /* BGJTCloneApp */ = {
			isa = PBXNativeTarget;
			buildConfigurationList = C0B275BD27899F1400C10AE4 /* Build configuration list for PBXNativeTarget "BGJTCloneApp" */;
			buildPhases = (
				E4855A39FE78B68AF11A93F6 /* [CP] Check Pods Manifest.lock */,
				C0B2758F27899F1200C10AE4 /* Sources */,
				C0B2759027899F1200C10AE4 /* Frameworks */,
				C0B2759127899F1200C10AE4 /* Resources */,
				AE391D7314BAFE1C698EC9FC /* [CP] Embed Pods Frameworks */,
			);
			buildRules = (
			);
			dependencies = (
			);
			name = BGJTCloneApp;
			productName = BGJTCloneApp;
			productReference = C0B2759327899F1200C10AE4 /* BGJTCloneApp.app */;
			productType = "com.apple.product-type.application";
		};
		C0B275A827899F1400C10AE4 /* BGJTCloneAppTests */ = {
			isa = PBXNativeTarget;
			buildConfigurationList = C0B275C027899F1400C10AE4 /* Build configuration list for PBXNativeTarget "BGJTCloneAppTests" */;
			buildPhases = (
				D9A8860BDBC6A4BDD0895754 /* [CP] Check Pods Manifest.lock */,
				C0B275A527899F1400C10AE4 /* Sources */,
				C0B275A627899F1400C10AE4 /* Frameworks */,
				C0B275A727899F1400C10AE4 /* Resources */,
			);
			buildRules = (
			);
			dependencies = (
				C0B275AB27899F1400C10AE4 /* PBXTargetDependency */,
			);
			name = BGJTCloneAppTests;
			productName = BGJTCloneAppTests;
			productReference = C0B275A927899F1400C10AE4 /* BGJTCloneAppTests.xctest */;
			productType = "com.apple.product-type.bundle.unit-test";
		};
		C0B275B227899F1400C10AE4 /* BGJTCloneAppUITests */ = {
			isa = PBXNativeTarget;
			buildConfigurationList = C0B275C327899F1400C10AE4 /* Build configuration list for PBXNativeTarget "BGJTCloneAppUITests" */;
			buildPhases = (
				79368B9AE7933B1E7C903829 /* [CP] Check Pods Manifest.lock */,
				C0B275AF27899F1400C10AE4 /* Sources */,
				C0B275B027899F1400C10AE4 /* Frameworks */,
				C0B275B127899F1400C10AE4 /* Resources */,
				935E136E569C5A3B0CC63073 /* [CP] Embed Pods Frameworks */,
			);
			buildRules = (
			);
			dependencies = (
				C0B275B527899F1400C10AE4 /* PBXTargetDependency */,
			);
			name = BGJTCloneAppUITests;
			productName = BGJTCloneAppUITests;
			productReference = C0B275B327899F1400C10AE4 /* BGJTCloneAppUITests.xctest */;
			productType = "com.apple.product-type.bundle.ui-testing";
		};
/* End PBXNativeTarget section */

/* Begin PBXProject section */
		C0B2758B27899F1200C10AE4 /* Project object */ = {
			isa = PBXProject;
			attributes = {
				BuildIndependentTargetsInParallel = 1;
				LastSwiftUpdateCheck = 1310;
				LastUpgradeCheck = 1310;
				TargetAttributes = {
					C0B2759227899F1200C10AE4 = {
						CreatedOnToolsVersion = 13.1;
					};
					C0B275A827899F1400C10AE4 = {
						CreatedOnToolsVersion = 13.1;
						TestTargetID = C0B2759227899F1200C10AE4;
					};
					C0B275B227899F1400C10AE4 = {
						CreatedOnToolsVersion = 13.1;
						TestTargetID = C0B2759227899F1200C10AE4;
					};
				};
			};
			buildConfigurationList = C0B2758E27899F1200C10AE4 /* Build configuration list for PBXProject "BGJTCloneApp" */;
			compatibilityVersion = "Xcode 13.0";
			developmentRegion = en;
			hasScannedForEncodings = 0;
			knownRegions = (
				en,
				Base,
				ko,
			);
			mainGroup = C0B2758A27899F1200C10AE4;
			productRefGroup = C0B2759427899F1200C10AE4 /* Products */;
			projectDirPath = "";
			projectRoot = "";
			targets = (
				C0B2759227899F1200C10AE4 /* BGJTCloneApp */,
				C0B275A827899F1400C10AE4 /* BGJTCloneAppTests */,
				C0B275B227899F1400C10AE4 /* BGJTCloneAppUITests */,
			);
		};
/* End PBXProject section */

/* Begin PBXResourcesBuildPhase section */
		C0B2759127899F1200C10AE4 /* Resources */ = {
			isa = PBXResourcesBuildPhase;
			buildActionMask = 2147483647;
			files = (
				C0B275D327899F3C00C10AE4 /* NotoSansCJKkr-Regular.otf in Resources */,
				C057F500278BB1F900405ACD /* LoginStoryBoard.storyboard in Resources */,
				C0A2215D279117640043B27F /* DetailStoryBoard.storyboard in Resources */,
				C057F50D278C04A400405ACD /* ItemStoryBoard.storyboard in Resources */,
				C057F502278BB23400405ACD /* HomeStoryBoard.storyboard in Resources */,
				C0B275A327899F1400C10AE4 /* LaunchScreen.storyboard in Resources */,
				C057F514278C27F700405ACD /* AddStoryBoard.storyboard in Resources */,
				C0B275A027899F1400C10AE4 /* Assets.xcassets in Resources */,
				C02051BF2793D66900924DA4 /* CategoryStoryBoard.storyboard in Resources */,
				C09456DB2793E1DA00564381 /* AccountStoryBoard.storyboard in Resources */,
				C057F511278C052100405ACD /* BrandStoryBoard.storyboard in Resources */,
				C0B2759E27899F1200C10AE4 /* Main.storyboard in Resources */,
				C0B275D227899F3C00C10AE4 /* NotoSansCJKkr-Medium.otf in Resources */,
				C0F7514327932BCA000D7661 /* InterestStoryBoard.storyboard in Resources */,
				C057F50F278C04CB00405ACD /* RecommendStoryBoard.storyboard in Resources */,
				C02D1EB427951126000D4FE9 /* DealModalStoryBoard.storyboard in Resources */,
				C0B275D427899F3C00C10AE4 /* NotoSansCJKkr-Bold.otf in Resources */,
				C03B25452793A2A6007A360F /* MyStoryBoard.storyboard in Resources */,
				C030E9EB2793F4D500742574 /* AccountEditStoryBoard.storyboard in Resources */,
				C0C37B1D278FADAE00AA9AC0 /* TagStoryBoard.storyboard in Resources */,
				C0A986802793D84C003A0298 /* SettingStoryBoard.storyboard in Resources */,
				C05CED1E27918EAB005A2646 /* DealStoryBoard.storyboard in Resources */,
			);
			runOnlyForDeploymentPostprocessing = 0;
		};
		C0B275A727899F1400C10AE4 /* Resources */ = {
			isa = PBXResourcesBuildPhase;
			buildActionMask = 2147483647;
			files = (
			);
			runOnlyForDeploymentPostprocessing = 0;
		};
		C0B275B127899F1400C10AE4 /* Resources */ = {
			isa = PBXResourcesBuildPhase;
			buildActionMask = 2147483647;
			files = (
			);
			runOnlyForDeploymentPostprocessing = 0;
		};
/* End PBXResourcesBuildPhase section */

/* Begin PBXShellScriptBuildPhase section */
		79368B9AE7933B1E7C903829 /* [CP] Check Pods Manifest.lock */ = {
			isa = PBXShellScriptBuildPhase;
			buildActionMask = 2147483647;
			files = (
			);
			inputFileListPaths = (
			);
			inputPaths = (
				"${PODS_PODFILE_DIR_PATH}/Podfile.lock",
				"${PODS_ROOT}/Manifest.lock",
			);
			name = "[CP] Check Pods Manifest.lock";
			outputFileListPaths = (
			);
			outputPaths = (
				"$(DERIVED_FILE_DIR)/Pods-BGJTCloneApp-BGJTCloneAppUITests-checkManifestLockResult.txt",
			);
			runOnlyForDeploymentPostprocessing = 0;
			shellPath = /bin/sh;
			shellScript = "diff \"${PODS_PODFILE_DIR_PATH}/Podfile.lock\" \"${PODS_ROOT}/Manifest.lock\" > /dev/null\nif [ $? != 0 ] ; then\n    # print error to STDERR\n    echo \"error: The sandbox is not in sync with the Podfile.lock. Run 'pod install' or update your CocoaPods installation.\" >&2\n    exit 1\nfi\n# This output is used by Xcode 'outputs' to avoid re-running this script phase.\necho \"SUCCESS\" > \"${SCRIPT_OUTPUT_FILE_0}\"\n";
			showEnvVarsInLog = 0;
		};
		935E136E569C5A3B0CC63073 /* [CP] Embed Pods Frameworks */ = {
			isa = PBXShellScriptBuildPhase;
			buildActionMask = 2147483647;
			files = (
			);
			inputFileListPaths = (
				"${PODS_ROOT}/Target Support Files/Pods-BGJTCloneApp-BGJTCloneAppUITests/Pods-BGJTCloneApp-BGJTCloneAppUITests-frameworks-${CONFIGURATION}-input-files.xcfilelist",
			);
			name = "[CP] Embed Pods Frameworks";
			outputFileListPaths = (
				"${PODS_ROOT}/Target Support Files/Pods-BGJTCloneApp-BGJTCloneAppUITests/Pods-BGJTCloneApp-BGJTCloneAppUITests-frameworks-${CONFIGURATION}-output-files.xcfilelist",
			);
			runOnlyForDeploymentPostprocessing = 0;
			shellPath = /bin/sh;
			shellScript = "\"${PODS_ROOT}/Target Support Files/Pods-BGJTCloneApp-BGJTCloneAppUITests/Pods-BGJTCloneApp-BGJTCloneAppUITests-frameworks.sh\"\n";
			showEnvVarsInLog = 0;
		};
		AE391D7314BAFE1C698EC9FC /* [CP] Embed Pods Frameworks */ = {
			isa = PBXShellScriptBuildPhase;
			buildActionMask = 2147483647;
			files = (
			);
			inputFileListPaths = (
				"${PODS_ROOT}/Target Support Files/Pods-BGJTCloneApp/Pods-BGJTCloneApp-frameworks-${CONFIGURATION}-input-files.xcfilelist",
			);
			name = "[CP] Embed Pods Frameworks";
			outputFileListPaths = (
				"${PODS_ROOT}/Target Support Files/Pods-BGJTCloneApp/Pods-BGJTCloneApp-frameworks-${CONFIGURATION}-output-files.xcfilelist",
			);
			runOnlyForDeploymentPostprocessing = 0;
			shellPath = /bin/sh;
			shellScript = "\"${PODS_ROOT}/Target Support Files/Pods-BGJTCloneApp/Pods-BGJTCloneApp-frameworks.sh\"\n";
			showEnvVarsInLog = 0;
		};
		D9A8860BDBC6A4BDD0895754 /* [CP] Check Pods Manifest.lock */ = {
			isa = PBXShellScriptBuildPhase;
			buildActionMask = 2147483647;
			files = (
			);
			inputFileListPaths = (
			);
			inputPaths = (
				"${PODS_PODFILE_DIR_PATH}/Podfile.lock",
				"${PODS_ROOT}/Manifest.lock",
			);
			name = "[CP] Check Pods Manifest.lock";
			outputFileListPaths = (
			);
			outputPaths = (
				"$(DERIVED_FILE_DIR)/Pods-BGJTCloneAppTests-checkManifestLockResult.txt",
			);
			runOnlyForDeploymentPostprocessing = 0;
			shellPath = /bin/sh;
			shellScript = "diff \"${PODS_PODFILE_DIR_PATH}/Podfile.lock\" \"${PODS_ROOT}/Manifest.lock\" > /dev/null\nif [ $? != 0 ] ; then\n    # print error to STDERR\n    echo \"error: The sandbox is not in sync with the Podfile.lock. Run 'pod install' or update your CocoaPods installation.\" >&2\n    exit 1\nfi\n# This output is used by Xcode 'outputs' to avoid re-running this script phase.\necho \"SUCCESS\" > \"${SCRIPT_OUTPUT_FILE_0}\"\n";
			showEnvVarsInLog = 0;
		};
		E4855A39FE78B68AF11A93F6 /* [CP] Check Pods Manifest.lock */ = {
			isa = PBXShellScriptBuildPhase;
			buildActionMask = 2147483647;
			files = (
			);
			inputFileListPaths = (
			);
			inputPaths = (
				"${PODS_PODFILE_DIR_PATH}/Podfile.lock",
				"${PODS_ROOT}/Manifest.lock",
			);
			name = "[CP] Check Pods Manifest.lock";
			outputFileListPaths = (
			);
			outputPaths = (
				"$(DERIVED_FILE_DIR)/Pods-BGJTCloneApp-checkManifestLockResult.txt",
			);
			runOnlyForDeploymentPostprocessing = 0;
			shellPath = /bin/sh;
			shellScript = "diff \"${PODS_PODFILE_DIR_PATH}/Podfile.lock\" \"${PODS_ROOT}/Manifest.lock\" > /dev/null\nif [ $? != 0 ] ; then\n    # print error to STDERR\n    echo \"error: The sandbox is not in sync with the Podfile.lock. Run 'pod install' or update your CocoaPods installation.\" >&2\n    exit 1\nfi\n# This output is used by Xcode 'outputs' to avoid re-running this script phase.\necho \"SUCCESS\" > \"${SCRIPT_OUTPUT_FILE_0}\"\n";
			showEnvVarsInLog = 0;
		};
/* End PBXShellScriptBuildPhase section */

/* Begin PBXSourcesBuildPhase section */
		C0B2758F27899F1200C10AE4 /* Sources */ = {
			isa = PBXSourcesBuildPhase;
			buildActionMask = 2147483647;
			files = (
				C08B46352794638F00DCAB7B /* DetailDataManager.swift in Sources */,
				C0F043CD27970D4F00DE0B45 /* CustomAlertView.swift in Sources */,
				C02B57A82795802000CD404D /* FollowingListTableViewCell.swift in Sources */,
				C02051BA2793D55500924DA4 /* SettingTableViewCell.swift in Sources */,
				C08B4638279476F300DCAB7B /* DetailResponse.swift in Sources */,
				C063F729278DD7F900636680 /* AddViewController+FlowLayout.swift in Sources */,
				C0A986832793DC0D003A0298 /* AccountViewController.swift in Sources */,
				C063F72B278DD83F00636680 /* AddViewController+TextView.swift in Sources */,
				C0C37B2B27901A0500AA9AC0 /* WishResponse.swift in Sources */,
				C0526AA6278E77F90014C824 /* RecentTableViewCell.swift in Sources */,
				C0FF3FAF279652C90008D1DC /* DealListDataManager.swift in Sources */,
				C0FF3FB127965FBC0008D1DC /* DetailTableViewCell.swift in Sources */,
				C063F723278D1AEB00636680 /* AutoLoginResponse.swift in Sources */,
				C02B57A427957C3200CD404D /* FollowerListResponse.swift in Sources */,
				C02B57A627957C4600CD404D /* FollowingListResponse.swift in Sources */,
				C0F043CA279697F900DE0B45 /* ItemEditManager.swift in Sources */,
				C0A5EE06278A66640070E617 /* UIView.swift in Sources */,
				C030E9E42793E87100742574 /* MoreModalViewController.swift in Sources */,
				C0B2759B27899F1200C10AE4 /* ViewController.swift in Sources */,
				C06E9009278B1A37005AE69F /* AddViewController.swift in Sources */,
				C0A22156279105D40043B27F /* MainNavigationController.swift in Sources */,
				C0DE257527983B2D001F25BF /* InquiryTableViewCell.swift in Sources */,
				C0B275E727899F4F00C10AE4 /* UINavigationBar.swift in Sources */,
				C057F518278C862600405ACD /* RecommendViewController+DataSource.swift in Sources */,
				C0B2759727899F1200C10AE4 /* AppDelegate.swift in Sources */,
				C0DE257727983E20001F25BF /* InquiryDataManager.swift in Sources */,
				C0B275E627899F4F00C10AE4 /* UIViewController.swift in Sources */,
				C0BBCE60278A9CEF00C12161 /* BrandViewController.swift in Sources */,
				C069EB2F278B1C1A004C2900 /* UITextField.swift in Sources */,
				C0C37B36279061DA00AA9AC0 /* WishCollectionViewCell.swift in Sources */,
				C08B463327943F7300DCAB7B /* DealDataManager.swift in Sources */,
				C0B275E427899F4F00C10AE4 /* String.swift in Sources */,
				C030E9E92793F4A800742574 /* AccountEditViewController.swift in Sources */,
				C0F90D832789D5A5001EF74D /* HomeViewController.swift in Sources */,
				C057F504278BB43200405ACD /* HalfModalPresentationController.swift in Sources */,
				C02B57A127957C0A00CD404D /* FollowingListDataManager.swift in Sources */,
				C0C37B26279012C800AA9AC0 /* WishDataManager.swift in Sources */,
				C0D46F342789C61D0075048D /* LoginManager.swift in Sources */,
				C069EB31278B3390004C2900 /* ImageCollectionReusableView.swift in Sources */,
				C0C37B1A278FACA500AA9AC0 /* OptionChoiceViewController.swift in Sources */,
				C0059C6727983875009C94A4 /* InquiryViewController.swift in Sources */,
				C069EB2D278B1B5D004C2900 /* ImageCollectionViewCell.swift in Sources */,
				C0B2759927899F1200C10AE4 /* SceneDelegate.swift in Sources */,
				C0C37B3C279064B900AA9AC0 /* WishListDataManager.swift in Sources */,
				C0A2215827910C1F0043B27F /* UIImage.swift in Sources */,
				C0FF3FAA27964B610008D1DC /* MyDataManager.swift in Sources */,
				C02D1EB227951100000D4FE9 /* DealModalViewController.swift in Sources */,
				C05CED2027918EB6005A2646 /* DealViewController.swift in Sources */,
				C0A2215B279116D40043B27F /* DetailViewController.swift in Sources */,
				C01DAD802789E4C4008430B8 /* UIApplication.swift in Sources */,
				C0B544C527D2633000F20D5E /* UIColor.swift in Sources */,
				C0526AAF278EB7E50014C824 /* TagCollectionViewCell.swift in Sources */,
				C02B579A2795711700CD404D /* FollowDataManager.swift in Sources */,
				C03B25432793A175007A360F /* MyViewController.swift in Sources */,
				C08EFFE1278E75F000177177 /* CategoryViewController.swift in Sources */,
				C0B275E227899F4F00C10AE4 /* Date.swift in Sources */,
				C0FDCD922790774000859989 /* WishCollctionViewController.swift in Sources */,
				C0A986872793DED9003A0298 /* AccountTableViewCell.swift in Sources */,
				C0B275E127899F4F00C10AE4 /* IndicatorView.swift in Sources */,
				C0526AA8278E78090014C824 /* AllTableViewCell.swift in Sources */,
				C063F725278D50A800636680 /* TabBarController.swift in Sources */,
				C057F506278BB60800405ACD /* OtherLoginViewController.swift in Sources */,
				C0B275E927899F4F00C10AE4 /* Device.swift in Sources */,
				C0FF3FAD279652AD0008D1DC /* MyResponse.swift in Sources */,
				C07ED3AE27996E6000108450 /* DealTabViewController.swift in Sources */,
				C0B275D027899F3C00C10AE4 /* Constant.swift in Sources */,
				C0B275E827899F4F00C10AE4 /* UIFont.swift in Sources */,
				C0C37B32279054E700AA9AC0 /* InterestViewController.swift in Sources */,
				C0C37B28279019B700AA9AC0 /* RecommendDataManager.swift in Sources */,
				C0C37B3A2790649700AA9AC0 /* WishListResponse.swift in Sources */,
				C0526AAC278EB2A70014C824 /* TagViewController.swift in Sources */,
				C01DEAAB2797E4A0000798A8 /* FollowModalView.swift in Sources */,
				C0FF3FB32796946D0008D1DC /* ItemEditViewController.swift in Sources */,
				C030E9EE2794348500742574 /* AccountResponse.swift in Sources */,
				C02B579C279575D600CD404D /* FollowingViewController.swift in Sources */,
				C06E9006278ADBA5005AE69F /* RecommendCollectionViewCell.swift in Sources */,
				C0526AB2278F0B860014C824 /* TagMainCollectionViewCell.swift in Sources */,
				C0A3CAFF2797F03F0000F6EF /* ChangeConditionViewController.swift in Sources */,
				C0BBCE59278A80C300C12161 /* HomeViewController+DataSource.swift in Sources */,
				C0BBCE5E278A9CB400C12161 /* RecommendViewController.swift in Sources */,
				C0B275EC2789BDF200C10AE4 /* LoginViewController.swift in Sources */,
				C0F7514027932AF7000D7661 /* Protocol.swift in Sources */,
				C0B275E527899F4F00C10AE4 /* UIButton.swift in Sources */,
				C0B275D127899F3C00C10AE4 /* Secret.swift in Sources */,
				C02051B52793D48800924DA4 /* SettingViewController.swift in Sources */,
				C0A5EE08278A762A0070E617 /* ButtonCollectionViewCell.swift in Sources */,
				C057F508278BF8D900405ACD /* NaverLoginResponse.swift in Sources */,
				C02051B32793C47100924DA4 /* MyTableViewCell.swift in Sources */,
				C030E9E62793E90000742574 /* AccountDataManager.swift in Sources */,
				C0BBCE5B278A9AE200C12161 /* HomeItemViewController.swift in Sources */,
				C02B579E27957BB800CD404D /* FollowerViewController.swift in Sources */,
				C063F727278DD7BA00636680 /* AddViewController+DataSource.swift in Sources */,
				C0B275D527899F3C00C10AE4 /* BaseViewController.swift in Sources */,
				C0C37B1F278FCC4300AA9AC0 /* ItemPost.swift in Sources */,
				C0C37B22278FCD9800AA9AC0 /* AddManager.swift in Sources */,
				C0C37B2D27901F2900AA9AC0 /* RecommendResponse.swift in Sources */,
				C05F4CF92795852300206BA8 /* FollowerTableViewCell.swift in Sources */,
			);
			runOnlyForDeploymentPostprocessing = 0;
		};
		C0B275A527899F1400C10AE4 /* Sources */ = {
			isa = PBXSourcesBuildPhase;
			buildActionMask = 2147483647;
			files = (
				C0B275AE27899F1400C10AE4 /* BGJTCloneAppTests.swift in Sources */,
			);
			runOnlyForDeploymentPostprocessing = 0;
		};
		C0B275AF27899F1400C10AE4 /* Sources */ = {
			isa = PBXSourcesBuildPhase;
			buildActionMask = 2147483647;
			files = (
				C0B275B827899F1400C10AE4 /* BGJTCloneAppUITests.swift in Sources */,
				C0B275BA27899F1400C10AE4 /* BGJTCloneAppUITestsLaunchTests.swift in Sources */,
			);
			runOnlyForDeploymentPostprocessing = 0;
		};
/* End PBXSourcesBuildPhase section */

/* Begin PBXTargetDependency section */
		C0B275AB27899F1400C10AE4 /* PBXTargetDependency */ = {
			isa = PBXTargetDependency;
			target = C0B2759227899F1200C10AE4 /* BGJTCloneApp */;
			targetProxy = C0B275AA27899F1400C10AE4 /* PBXContainerItemProxy */;
		};
		C0B275B527899F1400C10AE4 /* PBXTargetDependency */ = {
			isa = PBXTargetDependency;
			target = C0B2759227899F1200C10AE4 /* BGJTCloneApp */;
			targetProxy = C0B275B427899F1400C10AE4 /* PBXContainerItemProxy */;
		};
/* End PBXTargetDependency section */

/* Begin PBXVariantGroup section */
		C057F4FE278BB1F900405ACD /* LoginStoryBoard.storyboard */ = {
			isa = PBXVariantGroup;
			children = (
				C057F4FF278BB1F900405ACD /* Base */,
				C0F7514927933847000D7661 /* ko */,
			);
			name = LoginStoryBoard.storyboard;
			sourceTree = "<group>";
		};
		C057F512278C27F700405ACD /* AddStoryBoard.storyboard */ = {
			isa = PBXVariantGroup;
			children = (
				C057F513278C27F700405ACD /* Base */,
				C0F7514A27933847000D7661 /* ko */,
			);
			name = AddStoryBoard.storyboard;
			sourceTree = "<group>";
		};
		C0B2759C27899F1200C10AE4 /* Main.storyboard */ = {
			isa = PBXVariantGroup;
			children = (
				C0B2759D27899F1200C10AE4 /* Base */,
				C0F7514C27933847000D7661 /* ko */,
			);
			name = Main.storyboard;
			sourceTree = "<group>";
		};
		C0B275A127899F1400C10AE4 /* LaunchScreen.storyboard */ = {
			isa = PBXVariantGroup;
			children = (
				C0B275A227899F1400C10AE4 /* Base */,
				C0F7514D27933847000D7661 /* ko */,
			);
			name = LaunchScreen.storyboard;
			sourceTree = "<group>";
		};
		C0C37B1B278FADAE00AA9AC0 /* TagStoryBoard.storyboard */ = {
			isa = PBXVariantGroup;
			children = (
				C0C37B1C278FADAE00AA9AC0 /* Base */,
				C0F7514B27933847000D7661 /* ko */,
			);
			name = TagStoryBoard.storyboard;
			sourceTree = "<group>";
		};
/* End PBXVariantGroup section */

/* Begin XCBuildConfiguration section */
		C0B275BB27899F1400C10AE4 /* Debug */ = {
			isa = XCBuildConfiguration;
			buildSettings = {
				ALWAYS_SEARCH_USER_PATHS = NO;
				CLANG_ANALYZER_LOCALIZABILITY_NONLOCALIZED = YES;
				CLANG_ANALYZER_NONNULL = YES;
				CLANG_ANALYZER_NUMBER_OBJECT_CONVERSION = YES_AGGRESSIVE;
				CLANG_CXX_LANGUAGE_STANDARD = "gnu++17";
				CLANG_CXX_LIBRARY = "libc++";
				CLANG_ENABLE_MODULES = YES;
				CLANG_ENABLE_OBJC_ARC = YES;
				CLANG_ENABLE_OBJC_WEAK = YES;
				CLANG_WARN_BLOCK_CAPTURE_AUTORELEASING = YES;
				CLANG_WARN_BOOL_CONVERSION = YES;
				CLANG_WARN_COMMA = YES;
				CLANG_WARN_CONSTANT_CONVERSION = YES;
				CLANG_WARN_DEPRECATED_OBJC_IMPLEMENTATIONS = YES;
				CLANG_WARN_DIRECT_OBJC_ISA_USAGE = YES_ERROR;
				CLANG_WARN_DOCUMENTATION_COMMENTS = YES;
				CLANG_WARN_EMPTY_BODY = YES;
				CLANG_WARN_ENUM_CONVERSION = YES;
				CLANG_WARN_INFINITE_RECURSION = YES;
				CLANG_WARN_INT_CONVERSION = YES;
				CLANG_WARN_NON_LITERAL_NULL_CONVERSION = YES;
				CLANG_WARN_OBJC_IMPLICIT_RETAIN_SELF = YES;
				CLANG_WARN_OBJC_LITERAL_CONVERSION = YES;
				CLANG_WARN_OBJC_ROOT_CLASS = YES_ERROR;
				CLANG_WARN_QUOTED_INCLUDE_IN_FRAMEWORK_HEADER = YES;
				CLANG_WARN_RANGE_LOOP_ANALYSIS = YES;
				CLANG_WARN_STRICT_PROTOTYPES = YES;
				CLANG_WARN_SUSPICIOUS_MOVE = YES;
				CLANG_WARN_UNGUARDED_AVAILABILITY = YES_AGGRESSIVE;
				CLANG_WARN_UNREACHABLE_CODE = YES;
				CLANG_WARN__DUPLICATE_METHOD_MATCH = YES;
				COPY_PHASE_STRIP = NO;
				DEBUG_INFORMATION_FORMAT = dwarf;
				ENABLE_STRICT_OBJC_MSGSEND = YES;
				ENABLE_TESTABILITY = YES;
				GCC_C_LANGUAGE_STANDARD = gnu11;
				GCC_DYNAMIC_NO_PIC = NO;
				GCC_NO_COMMON_BLOCKS = YES;
				GCC_OPTIMIZATION_LEVEL = 0;
				GCC_PREPROCESSOR_DEFINITIONS = (
					"DEBUG=1",
					"$(inherited)",
				);
				GCC_WARN_64_TO_32_BIT_CONVERSION = YES;
				GCC_WARN_ABOUT_RETURN_TYPE = YES_ERROR;
				GCC_WARN_UNDECLARED_SELECTOR = YES;
				GCC_WARN_UNINITIALIZED_AUTOS = YES_AGGRESSIVE;
				GCC_WARN_UNUSED_FUNCTION = YES;
				GCC_WARN_UNUSED_VARIABLE = YES;
				IPHONEOS_DEPLOYMENT_TARGET = 15.0;
				MTL_ENABLE_DEBUG_INFO = INCLUDE_SOURCE;
				MTL_FAST_MATH = YES;
				ONLY_ACTIVE_ARCH = YES;
				SDKROOT = iphoneos;
				SWIFT_ACTIVE_COMPILATION_CONDITIONS = DEBUG;
				SWIFT_OPTIMIZATION_LEVEL = "-Onone";
			};
			name = Debug;
		};
		C0B275BC27899F1400C10AE4 /* Release */ = {
			isa = XCBuildConfiguration;
			buildSettings = {
				ALWAYS_SEARCH_USER_PATHS = NO;
				CLANG_ANALYZER_LOCALIZABILITY_NONLOCALIZED = YES;
				CLANG_ANALYZER_NONNULL = YES;
				CLANG_ANALYZER_NUMBER_OBJECT_CONVERSION = YES_AGGRESSIVE;
				CLANG_CXX_LANGUAGE_STANDARD = "gnu++17";
				CLANG_CXX_LIBRARY = "libc++";
				CLANG_ENABLE_MODULES = YES;
				CLANG_ENABLE_OBJC_ARC = YES;
				CLANG_ENABLE_OBJC_WEAK = YES;
				CLANG_WARN_BLOCK_CAPTURE_AUTORELEASING = YES;
				CLANG_WARN_BOOL_CONVERSION = YES;
				CLANG_WARN_COMMA = YES;
				CLANG_WARN_CONSTANT_CONVERSION = YES;
				CLANG_WARN_DEPRECATED_OBJC_IMPLEMENTATIONS = YES;
				CLANG_WARN_DIRECT_OBJC_ISA_USAGE = YES_ERROR;
				CLANG_WARN_DOCUMENTATION_COMMENTS = YES;
				CLANG_WARN_EMPTY_BODY = YES;
				CLANG_WARN_ENUM_CONVERSION = YES;
				CLANG_WARN_INFINITE_RECURSION = YES;
				CLANG_WARN_INT_CONVERSION = YES;
				CLANG_WARN_NON_LITERAL_NULL_CONVERSION = YES;
				CLANG_WARN_OBJC_IMPLICIT_RETAIN_SELF = YES;
				CLANG_WARN_OBJC_LITERAL_CONVERSION = YES;
				CLANG_WARN_OBJC_ROOT_CLASS = YES_ERROR;
				CLANG_WARN_QUOTED_INCLUDE_IN_FRAMEWORK_HEADER = YES;
				CLANG_WARN_RANGE_LOOP_ANALYSIS = YES;
				CLANG_WARN_STRICT_PROTOTYPES = YES;
				CLANG_WARN_SUSPICIOUS_MOVE = YES;
				CLANG_WARN_UNGUARDED_AVAILABILITY = YES_AGGRESSIVE;
				CLANG_WARN_UNREACHABLE_CODE = YES;
				CLANG_WARN__DUPLICATE_METHOD_MATCH = YES;
				COPY_PHASE_STRIP = NO;
				DEBUG_INFORMATION_FORMAT = "dwarf-with-dsym";
				ENABLE_NS_ASSERTIONS = NO;
				ENABLE_STRICT_OBJC_MSGSEND = YES;
				GCC_C_LANGUAGE_STANDARD = gnu11;
				GCC_NO_COMMON_BLOCKS = YES;
				GCC_WARN_64_TO_32_BIT_CONVERSION = YES;
				GCC_WARN_ABOUT_RETURN_TYPE = YES_ERROR;
				GCC_WARN_UNDECLARED_SELECTOR = YES;
				GCC_WARN_UNINITIALIZED_AUTOS = YES_AGGRESSIVE;
				GCC_WARN_UNUSED_FUNCTION = YES;
				GCC_WARN_UNUSED_VARIABLE = YES;
				IPHONEOS_DEPLOYMENT_TARGET = 15.0;
				MTL_ENABLE_DEBUG_INFO = NO;
				MTL_FAST_MATH = YES;
				SDKROOT = iphoneos;
				SWIFT_COMPILATION_MODE = wholemodule;
				SWIFT_OPTIMIZATION_LEVEL = "-O";
				VALIDATE_PRODUCT = YES;
			};
			name = Release;
		};
		C0B275BE27899F1400C10AE4 /* Debug */ = {
			isa = XCBuildConfiguration;
			baseConfigurationReference = 4F4FF5121B5F9247D0F976FC /* Pods-BGJTCloneApp.debug.xcconfig */;
			buildSettings = {
				ASSETCATALOG_COMPILER_APPICON_NAME = AppIcon;
				ASSETCATALOG_COMPILER_GLOBAL_ACCENT_COLOR_NAME = AccentColor;
				CODE_SIGN_STYLE = Automatic;
				CURRENT_PROJECT_VERSION = 1;
				DEVELOPMENT_TEAM = 4DC5UF7YA9;
				GENERATE_INFOPLIST_FILE = YES;
				INFOPLIST_FILE = BGJTCloneApp/Info.plist;
				INFOPLIST_KEY_NSCameraUsageDescription = test;
				INFOPLIST_KEY_NSPhotoLibraryUsageDescription = test;
				INFOPLIST_KEY_UIApplicationSupportsIndirectInputEvents = YES;
				INFOPLIST_KEY_UILaunchStoryboardName = LaunchScreen;
				INFOPLIST_KEY_UIMainStoryboardFile = Main;
				INFOPLIST_KEY_UISupportedInterfaceOrientations = UIInterfaceOrientationPortrait;
				INFOPLIST_KEY_UISupportedInterfaceOrientations_iPad = "UIInterfaceOrientationPortrait UIInterfaceOrientationPortraitUpsideDown UIInterfaceOrientationLandscapeLeft UIInterfaceOrientationLandscapeRight";
				INFOPLIST_KEY_UISupportedInterfaceOrientations_iPhone = "UIInterfaceOrientationPortrait UIInterfaceOrientationLandscapeLeft UIInterfaceOrientationLandscapeRight";
				IPHONEOS_DEPLOYMENT_TARGET = 13.0;
				LD_RUNPATH_SEARCH_PATHS = (
					"$(inherited)",
					"@executable_path/Frameworks",
				);
				MARKETING_VERSION = 1.0;
				PRODUCT_BUNDLE_IDENTIFIER = com.gongtae.BGJTCloneApp;
				PRODUCT_NAME = "$(TARGET_NAME)";
				SWIFT_EMIT_LOC_STRINGS = YES;
				SWIFT_VERSION = 5.0;
				TARGETED_DEVICE_FAMILY = 1;
				VALIDATE_WORKSPACE = NO;
			};
			name = Debug;
		};
		C0B275BF27899F1400C10AE4 /* Release */ = {
			isa = XCBuildConfiguration;
			baseConfigurationReference = 620E37B45146F23BD48C14D5 /* Pods-BGJTCloneApp.release.xcconfig */;
			buildSettings = {
				ASSETCATALOG_COMPILER_APPICON_NAME = AppIcon;
				ASSETCATALOG_COMPILER_GLOBAL_ACCENT_COLOR_NAME = AccentColor;
				CODE_SIGN_STYLE = Automatic;
				CURRENT_PROJECT_VERSION = 1;
				DEVELOPMENT_TEAM = 4DC5UF7YA9;
				GENERATE_INFOPLIST_FILE = YES;
				INFOPLIST_FILE = BGJTCloneApp/Info.plist;
				INFOPLIST_KEY_NSCameraUsageDescription = test;
				INFOPLIST_KEY_NSPhotoLibraryUsageDescription = test;
				INFOPLIST_KEY_UIApplicationSupportsIndirectInputEvents = YES;
				INFOPLIST_KEY_UILaunchStoryboardName = LaunchScreen;
				INFOPLIST_KEY_UIMainStoryboardFile = Main;
				INFOPLIST_KEY_UISupportedInterfaceOrientations = UIInterfaceOrientationPortrait;
				INFOPLIST_KEY_UISupportedInterfaceOrientations_iPad = "UIInterfaceOrientationPortrait UIInterfaceOrientationPortraitUpsideDown UIInterfaceOrientationLandscapeLeft UIInterfaceOrientationLandscapeRight";
				INFOPLIST_KEY_UISupportedInterfaceOrientations_iPhone = "UIInterfaceOrientationPortrait UIInterfaceOrientationLandscapeLeft UIInterfaceOrientationLandscapeRight";
				IPHONEOS_DEPLOYMENT_TARGET = 13.0;
				LD_RUNPATH_SEARCH_PATHS = (
					"$(inherited)",
					"@executable_path/Frameworks",
				);
				MARKETING_VERSION = 1.0;
				PRODUCT_BUNDLE_IDENTIFIER = com.gongtae.BGJTCloneApp;
				PRODUCT_NAME = "$(TARGET_NAME)";
				SWIFT_EMIT_LOC_STRINGS = YES;
				SWIFT_VERSION = 5.0;
				TARGETED_DEVICE_FAMILY = 1;
				VALIDATE_WORKSPACE = NO;
			};
			name = Release;
		};
		C0B275C127899F1400C10AE4 /* Debug */ = {
			isa = XCBuildConfiguration;
			baseConfigurationReference = 89899506D4DD36F64B8FB1D0 /* Pods-BGJTCloneAppTests.debug.xcconfig */;
			buildSettings = {
				ALWAYS_EMBED_SWIFT_STANDARD_LIBRARIES = YES;
				BUNDLE_LOADER = "$(TEST_HOST)";
				CODE_SIGN_STYLE = Automatic;
				CURRENT_PROJECT_VERSION = 1;
				DEVELOPMENT_TEAM = 4DC5UF7YA9;
				GENERATE_INFOPLIST_FILE = YES;
				IPHONEOS_DEPLOYMENT_TARGET = 15.0;
				LD_RUNPATH_SEARCH_PATHS = (
					"$(inherited)",
					"@executable_path/Frameworks",
					"@loader_path/Frameworks",
				);
				MARKETING_VERSION = 1.0;
				PRODUCT_BUNDLE_IDENTIFIER = com.gongtae.BGJTCloneAppTests;
				PRODUCT_NAME = "$(TARGET_NAME)";
				SWIFT_EMIT_LOC_STRINGS = NO;
				SWIFT_VERSION = 5.0;
				TARGETED_DEVICE_FAMILY = "1,2";
				TEST_HOST = "$(BUILT_PRODUCTS_DIR)/BGJTCloneApp.app/BGJTCloneApp";
			};
			name = Debug;
		};
		C0B275C227899F1400C10AE4 /* Release */ = {
			isa = XCBuildConfiguration;
			baseConfigurationReference = 7E31636B8F10DA2377954033 /* Pods-BGJTCloneAppTests.release.xcconfig */;
			buildSettings = {
				ALWAYS_EMBED_SWIFT_STANDARD_LIBRARIES = YES;
				BUNDLE_LOADER = "$(TEST_HOST)";
				CODE_SIGN_STYLE = Automatic;
				CURRENT_PROJECT_VERSION = 1;
				DEVELOPMENT_TEAM = 4DC5UF7YA9;
				GENERATE_INFOPLIST_FILE = YES;
				IPHONEOS_DEPLOYMENT_TARGET = 15.0;
				LD_RUNPATH_SEARCH_PATHS = (
					"$(inherited)",
					"@executable_path/Frameworks",
					"@loader_path/Frameworks",
				);
				MARKETING_VERSION = 1.0;
				PRODUCT_BUNDLE_IDENTIFIER = com.gongtae.BGJTCloneAppTests;
				PRODUCT_NAME = "$(TARGET_NAME)";
				SWIFT_EMIT_LOC_STRINGS = NO;
				SWIFT_VERSION = 5.0;
				TARGETED_DEVICE_FAMILY = "1,2";
				TEST_HOST = "$(BUILT_PRODUCTS_DIR)/BGJTCloneApp.app/BGJTCloneApp";
			};
			name = Release;
		};
		C0B275C427899F1400C10AE4 /* Debug */ = {
			isa = XCBuildConfiguration;
			baseConfigurationReference = 1698AD511259F1CD93309286 /* Pods-BGJTCloneApp-BGJTCloneAppUITests.debug.xcconfig */;
			buildSettings = {
				ALWAYS_EMBED_SWIFT_STANDARD_LIBRARIES = YES;
				CODE_SIGN_STYLE = Automatic;
				CURRENT_PROJECT_VERSION = 1;
				DEVELOPMENT_TEAM = 4DC5UF7YA9;
				GENERATE_INFOPLIST_FILE = YES;
				LD_RUNPATH_SEARCH_PATHS = (
					"$(inherited)",
					"@executable_path/Frameworks",
					"@loader_path/Frameworks",
				);
				MARKETING_VERSION = 1.0;
				PRODUCT_BUNDLE_IDENTIFIER = com.gongtae.BGJTCloneAppUITests;
				PRODUCT_NAME = "$(TARGET_NAME)";
				SWIFT_EMIT_LOC_STRINGS = NO;
				SWIFT_VERSION = 5.0;
				TARGETED_DEVICE_FAMILY = "1,2";
				TEST_TARGET_NAME = BGJTCloneApp;
			};
			name = Debug;
		};
		C0B275C527899F1400C10AE4 /* Release */ = {
			isa = XCBuildConfiguration;
			baseConfigurationReference = 342F0CE37B84EA365EBB0028 /* Pods-BGJTCloneApp-BGJTCloneAppUITests.release.xcconfig */;
			buildSettings = {
				ALWAYS_EMBED_SWIFT_STANDARD_LIBRARIES = YES;
				CODE_SIGN_STYLE = Automatic;
				CURRENT_PROJECT_VERSION = 1;
				DEVELOPMENT_TEAM = 4DC5UF7YA9;
				GENERATE_INFOPLIST_FILE = YES;
				LD_RUNPATH_SEARCH_PATHS = (
					"$(inherited)",
					"@executable_path/Frameworks",
					"@loader_path/Frameworks",
				);
				MARKETING_VERSION = 1.0;
				PRODUCT_BUNDLE_IDENTIFIER = com.gongtae.BGJTCloneAppUITests;
				PRODUCT_NAME = "$(TARGET_NAME)";
				SWIFT_EMIT_LOC_STRINGS = NO;
				SWIFT_VERSION = 5.0;
				TARGETED_DEVICE_FAMILY = "1,2";
				TEST_TARGET_NAME = BGJTCloneApp;
			};
			name = Release;
		};
/* End XCBuildConfiguration section */

/* Begin XCConfigurationList section */
		C0B2758E27899F1200C10AE4 /* Build configuration list for PBXProject "BGJTCloneApp" */ = {
			isa = XCConfigurationList;
			buildConfigurations = (
				C0B275BB27899F1400C10AE4 /* Debug */,
				C0B275BC27899F1400C10AE4 /* Release */,
			);
			defaultConfigurationIsVisible = 0;
			defaultConfigurationName = Release;
		};
		C0B275BD27899F1400C10AE4 /* Build configuration list for PBXNativeTarget "BGJTCloneApp" */ = {
			isa = XCConfigurationList;
			buildConfigurations = (
				C0B275BE27899F1400C10AE4 /* Debug */,
				C0B275BF27899F1400C10AE4 /* Release */,
			);
			defaultConfigurationIsVisible = 0;
			defaultConfigurationName = Release;
		};
		C0B275C027899F1400C10AE4 /* Build configuration list for PBXNativeTarget "BGJTCloneAppTests" */ = {
			isa = XCConfigurationList;
			buildConfigurations = (
				C0B275C127899F1400C10AE4 /* Debug */,
				C0B275C227899F1400C10AE4 /* Release */,
			);
			defaultConfigurationIsVisible = 0;
			defaultConfigurationName = Release;
		};
		C0B275C327899F1400C10AE4 /* Build configuration list for PBXNativeTarget "BGJTCloneAppUITests" */ = {
			isa = XCConfigurationList;
			buildConfigurations = (
				C0B275C427899F1400C10AE4 /* Debug */,
				C0B275C527899F1400C10AE4 /* Release */,
			);
			defaultConfigurationIsVisible = 0;
			defaultConfigurationName = Release;
		};
/* End XCConfigurationList section */
	};
	rootObject = C0B2758B27899F1200C10AE4 /* Project object */;
}
